// !$*UTF8*$!
{
	archiveVersion = 1;
	classes = {
	};
	objectVersion = 53;
	objects = {

/* Begin PBXBuildFile section */
		B0272D6728B3678C002D3602 /* pbrtexture.cpp in Sources */ = {isa = PBXBuildFile; fileRef = B0272D6628B3678C002D3602 /* pbrtexture.cpp */; };
		B0272D6C28B47C3B002D3602 /* deferred.cpp in Sources */ = {isa = PBXBuildFile; fileRef = B0272D6B28B47C3B002D3602 /* deferred.cpp */; };
		B0272D7128B4C609002D3602 /* deferredmutisampling.cpp in Sources */ = {isa = PBXBuildFile; fileRef = B0272D7028B4C609002D3602 /* deferredmutisampling.cpp */; };
		B0272D7628B4E294002D3602 /* deferredshadows.cpp in Sources */ = {isa = PBXBuildFile; fileRef = B0272D7528B4E294002D3602 /* deferredshadows.cpp */; };
		B0272D8128B71F82002D3602 /* ssao.cpp in Sources */ = {isa = PBXBuildFile; fileRef = B0272D7A28B70A45002D3602 /* ssao.cpp */; };
		B0272D8628B899F9002D3602 /* computershader.cpp in Sources */ = {isa = PBXBuildFile; fileRef = B0272D8428B899F9002D3602 /* computershader.cpp */; };
		B0272DD728BDA078002D3602 /* geometryshader.cpp in Sources */ = {isa = PBXBuildFile; fileRef = B0272DD628BDA078002D3602 /* geometryshader.cpp */; };
		B0272DDC28BDAC49002D3602 /* displacement.cpp in Sources */ = {isa = PBXBuildFile; fileRef = B0272DDA28BDAC49002D3602 /* displacement.cpp */; };
		B066A145286213A600763515 /* assets in CopyFiles */ = {isa = PBXBuildFile; fileRef = B066A1422862125900763515 /* assets */; };
		B066DE1E28A4FF5D00726A95 /* thread.cpp in Sources */ = {isa = PBXBuildFile; fileRef = B066DE1D28A4FF5D00726A95 /* thread.cpp */; };
		B066DE2328A5074600726A95 /* multithread.cpp in Sources */ = {isa = PBXBuildFile; fileRef = B066DE2128A5074600726A95 /* multithread.cpp */; };
		B066DE2728A5FDD800726A95 /* frustum.cpp in Sources */ = {isa = PBXBuildFile; fileRef = B066DE2628A5FDD800726A95 /* frustum.cpp */; };
		B066DE2C28A9E44600726A95 /* instancing.cpp in Sources */ = {isa = PBXBuildFile; fileRef = B066DE2A28A9E44600726A95 /* instancing.cpp */; };
		B066DE3128AA211500726A95 /* indirectdraw.cpp in Sources */ = {isa = PBXBuildFile; fileRef = B066DE2F28AA211500726A95 /* indirectdraw.cpp */; };
		B066DE3628AB316F00726A95 /* occlusionquery.cpp in Sources */ = {isa = PBXBuildFile; fileRef = B066DE3428AB316F00726A95 /* occlusionquery.cpp */; };
		B066DE3B28AB7D3300726A95 /* pipelinestatistics.cpp in Sources */ = {isa = PBXBuildFile; fileRef = B066DE3928AB7D3200726A95 /* pipelinestatistics.cpp */; };
		B066DE4B28AC955700726A95 /* pbrbasic.cpp in Sources */ = {isa = PBXBuildFile; fileRef = B066DE4A28AC955700726A95 /* pbrbasic.cpp */; };
		B066DE5628ACBE6B00726A95 /* pbribl.cpp in Sources */ = {isa = PBXBuildFile; fileRef = B066DE5428ACBE6B00726A95 /* pbribl.cpp */; };
		B066DE5B28ACD54300726A95 /* svpng.inc in Sources */ = {isa = PBXBuildFile; fileRef = B066DE5928ACD54300726A95 /* svpng.inc */; };
		B066DE5C28ACD54300726A95 /* svpng.c in Sources */ = {isa = PBXBuildFile; fileRef = B066DE5A28ACD54300726A95 /* svpng.c */; };
		B09AEA292862A380006ED326 /* imgui_widgets.cpp in Sources */ = {isa = PBXBuildFile; fileRef = B09AEA152862A380006ED326 /* imgui_widgets.cpp */; };
		B09AEA2C2862A380006ED326 /* imgui.cpp in Sources */ = {isa = PBXBuildFile; fileRef = B09AEA1E2862A380006ED326 /* imgui.cpp */; };
		B09AEA2D2862A380006ED326 /* imgui_tables.cpp in Sources */ = {isa = PBXBuildFile; fileRef = B09AEA232862A380006ED326 /* imgui_tables.cpp */; };
		B09AEA2E2862A380006ED326 /* imgui_demo.cpp in Sources */ = {isa = PBXBuildFile; fileRef = B09AEA242862A380006ED326 /* imgui_demo.cpp */; };
		B09AEA2F2862A380006ED326 /* imgui_draw.cpp in Sources */ = {isa = PBXBuildFile; fileRef = B09AEA252862A380006ED326 /* imgui_draw.cpp */; };
		B0A01074289228EE006A339B /* multisampling.cpp in Sources */ = {isa = PBXBuildFile; fileRef = B0A01072289228EE006A339B /* multisampling.cpp */; };
		B0A0107928926B34006A339B /* highdynamicrange.cpp in Sources */ = {isa = PBXBuildFile; fileRef = B0A0107728926B34006A339B /* highdynamicrange.cpp */; };
		B0A0107E2893DA76006A339B /* shadowmapping.cpp in Sources */ = {isa = PBXBuildFile; fileRef = B0A0107D2893DA76006A339B /* shadowmapping.cpp */; };
		B0A010832897DD0D006A339B /* shadowmappingcascade.cpp in Sources */ = {isa = PBXBuildFile; fileRef = B0A010822897DD0D006A339B /* shadowmappingcascade.cpp */; };
		B0A01088289BA9FC006A339B /* pointlightshadow.cpp in Sources */ = {isa = PBXBuildFile; fileRef = B0A01087289BA9FC006A339B /* pointlightshadow.cpp */; };
		B0A0108D289D1589006A339B /* runtimemipmap.cpp in Sources */ = {isa = PBXBuildFile; fileRef = B0A0108B289D1589006A339B /* runtimemipmap.cpp */; };
		B0A01092289E591A006A339B /* screenshot.cpp in Sources */ = {isa = PBXBuildFile; fileRef = B0A01091289E591A006A339B /* screenshot.cpp */; };
		B0A0109D28A20665006A339B /* orderindependenttransparency.cpp in Sources */ = {isa = PBXBuildFile; fileRef = B0A0109C28A20665006A339B /* orderindependenttransparency.cpp */; };
		B0A47F1F282E4D6200209D51 /* main.cpp in Sources */ = {isa = PBXBuildFile; fileRef = B0A47F1E282E4D6200209D51 /* main.cpp */; };
		B0A48A96282E5E0B00209D51 /* libglfw3.a in Frameworks */ = {isa = PBXBuildFile; fileRef = B0A48A95282E5E0B00209D51 /* libglfw3.a */; };
		B0A48A98282E5EBF00209D51 /* CoreFoundation.framework in Frameworks */ = {isa = PBXBuildFile; fileRef = B0A48A97282E5EBF00209D51 /* CoreFoundation.framework */; };
		B0A48A9A282E5EE800209D51 /* CoreGraphics.framework in Frameworks */ = {isa = PBXBuildFile; fileRef = B0A48A99282E5EE800209D51 /* CoreGraphics.framework */; };
		B0A48A9C282E5F0F00209D51 /* IOKit.framework in Frameworks */ = {isa = PBXBuildFile; fileRef = B0A48A9B282E5F0F00209D51 /* IOKit.framework */; };
		B0A48AA0282E607400209D51 /* Cocoa.framework in Frameworks */ = {isa = PBXBuildFile; fileRef = B0A48A9F282E607400209D51 /* Cocoa.framework */; };
		B0A48AA2282E74FB00209D51 /* libvulkan.1.dylib in Frameworks */ = {isa = PBXBuildFile; fileRef = B0A48AA1282E74FB00209D51 /* libvulkan.1.dylib */; };
		B0B5D01F2875293B003A175D /* ui.cpp in Sources */ = {isa = PBXBuildFile; fileRef = B0B5D0172875293B003A175D /* ui.cpp */; };
		B0B5D0202875293B003A175D /* camera.cpp in Sources */ = {isa = PBXBuildFile; fileRef = B0B5D0192875293B003A175D /* camera.cpp */; };
		B0B5D0212875293B003A175D /* tools.cpp in Sources */ = {isa = PBXBuildFile; fileRef = B0B5D01D2875293B003A175D /* tools.cpp */; };
		B0B5D0222875293B003A175D /* application.cpp in Sources */ = {isa = PBXBuildFile; fileRef = B0B5D01E2875293B003A175D /* application.cpp */; };
		B0B5D0282875297A003A175D /* pipelines.cpp in Sources */ = {isa = PBXBuildFile; fileRef = B0B5D0262875297A003A175D /* pipelines.cpp */; };
		B0B5D02C28753328003A175D /* gltfLoader.cpp in Sources */ = {isa = PBXBuildFile; fileRef = B0B5D02A28753328003A175D /* gltfLoader.cpp */; };
		B0B5D07D2876AB40003A175D /* texture.c in Sources */ = {isa = PBXBuildFile; fileRef = B0B5D07C2876AB40003A175D /* texture.c */; };
		B0B5D0802876ABAF003A175D /* memstream.c in Sources */ = {isa = PBXBuildFile; fileRef = B0B5D07F2876ABAF003A175D /* memstream.c */; };
		B0B5D0832876ABC0003A175D /* filestream.c in Sources */ = {isa = PBXBuildFile; fileRef = B0B5D0822876ABC0003A175D /* filestream.c */; };
		B0B5D0862876AC3F003A175D /* checkheader.c in Sources */ = {isa = PBXBuildFile; fileRef = B0B5D0852876AC3F003A175D /* checkheader.c */; };
		B0B5D0892876AC69003A175D /* swap.c in Sources */ = {isa = PBXBuildFile; fileRef = B0B5D0882876AC69003A175D /* swap.c */; };
		B0B5D08C2876AC95003A175D /* hashlist.c in Sources */ = {isa = PBXBuildFile; fileRef = B0B5D08B2876AC95003A175D /* hashlist.c */; };
		B0B5D09728783317003A175D /* gltfModel.cpp in Sources */ = {isa = PBXBuildFile; fileRef = B0B5D09528783317003A175D /* gltfModel.cpp */; };
		B0B5D09B287920AD003A175D /* gltfNode.cpp in Sources */ = {isa = PBXBuildFile; fileRef = B0B5D099287920AD003A175D /* gltfNode.cpp */; };
		B0B5D09F287944F7003A175D /* mesh.cpp in Sources */ = {isa = PBXBuildFile; fileRef = B0B5D09E287944F6003A175D /* mesh.cpp */; };
		B0B5D0A328794562003A175D /* vertex.cpp in Sources */ = {isa = PBXBuildFile; fileRef = B0B5D0A128794562003A175D /* vertex.cpp */; };
		B0B5D0A728794942003A175D /* primitive.cpp in Sources */ = {isa = PBXBuildFile; fileRef = B0B5D0A528794942003A175D /* primitive.cpp */; };
		B0B5D0AB2879863A003A175D /* material.cpp in Sources */ = {isa = PBXBuildFile; fileRef = B0B5D0AA2879863A003A175D /* material.cpp */; };
		B0B5D0B0287BFCCC003A175D /* descriptorsets.cpp in Sources */ = {isa = PBXBuildFile; fileRef = B0B5D0AE287BFCCC003A175D /* descriptorsets.cpp */; };
		B0B5D0B5287C1992003A175D /* texture.cpp in Sources */ = {isa = PBXBuildFile; fileRef = B0B5D0B3287C1992003A175D /* texture.cpp */; };
		B0B5D0BA287D50A3003A175D /* dynamicuniformbuffer.cpp in Sources */ = {isa = PBXBuildFile; fileRef = B0B5D0B8287D50A3003A175D /* dynamicuniformbuffer.cpp */; };
		B0B5D0C0287EBB26003A175D /* pushconstants.cpp in Sources */ = {isa = PBXBuildFile; fileRef = B0B5D0BE287EBB26003A175D /* pushconstants.cpp */; };
		B0B5D0C5287ECA78003A175D /* specializationconstants.cpp in Sources */ = {isa = PBXBuildFile; fileRef = B0B5D0C4287ECA78003A175D /* specializationconstants.cpp */; };
		B0B5D0CA287FC9EC003A175D /* texturemapping.cpp in Sources */ = {isa = PBXBuildFile; fileRef = B0B5D0C8287FC9EC003A175D /* texturemapping.cpp */; };
		B0B5D0CF287FEC3F003A175D /* texturearray.cpp in Sources */ = {isa = PBXBuildFile; fileRef = B0B5D0CD287FEC3F003A175D /* texturearray.cpp */; };
		B0B5D0D428801610003A175D /* texturecubemapping.cpp in Sources */ = {isa = PBXBuildFile; fileRef = B0B5D0D328801610003A175D /* texturecubemapping.cpp */; };
		B0B5D0D92881110B003A175D /* texturecubemaparray.cpp in Sources */ = {isa = PBXBuildFile; fileRef = B0B5D0D82881110B003A175D /* texturecubemaparray.cpp */; };
		B0B5D0DD28812D06003A175D /* noise.cpp in Sources */ = {isa = PBXBuildFile; fileRef = B0B5D0DB28812D06003A175D /* noise.cpp */; };
		B0B5D0E228813096003A175D /* texture3d.cpp in Sources */ = {isa = PBXBuildFile; fileRef = B0B5D0E128813096003A175D /* texture3d.cpp */; };
		B0B5D0ED28816280003A175D /* inputattachments.cpp in Sources */ = {isa = PBXBuildFile; fileRef = B0B5D0EC28816280003A175D /* inputattachments.cpp */; };
		B0B5D0F228864606003A175D /* subpasses.cpp in Sources */ = {isa = PBXBuildFile; fileRef = B0B5D0F128864605003A175D /* subpasses.cpp */; };
		B0B5D0F728879E48003A175D /* offscreen.cpp in Sources */ = {isa = PBXBuildFile; fileRef = B0B5D0F528879E48003A175D /* offscreen.cpp */; };
		B0B5D0FC2888F884003A175D /* particlefire.cpp in Sources */ = {isa = PBXBuildFile; fileRef = B0B5D0FA2888F884003A175D /* particlefire.cpp */; };
		B0B5D106288949AA003A175D /* stencilbuffer.cpp in Sources */ = {isa = PBXBuildFile; fileRef = B0B5D105288949AA003A175D /* stencilbuffer.cpp */; };
		B0B5D10B288A7935003A175D /* separatevertexattributes.cpp in Sources */ = {isa = PBXBuildFile; fileRef = B0B5D109288A7935003A175D /* separatevertexattributes.cpp */; };
		B0B5D110288A8CCA003A175D /* gltfloading.cpp in Sources */ = {isa = PBXBuildFile; fileRef = B0B5D10E288A8CCA003A175D /* gltfloading.cpp */; };
		B0B5D115288E85C0003A175D /* gltfskinning.cpp in Sources */ = {isa = PBXBuildFile; fileRef = B0B5D113288E85C0003A175D /* gltfskinning.cpp */; };
		B0B5D119288E9CE0003A175D /* skin.cpp in Sources */ = {isa = PBXBuildFile; fileRef = B0B5D118288E9CE0003A175D /* skin.cpp */; };
		B0B5D11D288F8C1D003A175D /* animation.cpp in Sources */ = {isa = PBXBuildFile; fileRef = B0B5D11C288F8C1D003A175D /* animation.cpp */; };
		B0B5D1222890D870003A175D /* gltfscenerendering.cpp in Sources */ = {isa = PBXBuildFile; fileRef = B0B5D1212890D86F003A175D /* gltfscenerendering.cpp */; };
		B0E13A1C2861729300D1D2B6 /* triangle.cpp in Sources */ = {isa = PBXBuildFile; fileRef = B0E13A1B2861729300D1D2B6 /* triangle.cpp */; };
/* End PBXBuildFile section */

/* Begin PBXCopyFilesBuildPhase section */
		B066A1442862139F00763515 /* CopyFiles */ = {
			isa = PBXCopyFilesBuildPhase;
			buildActionMask = 2147483647;
			dstPath = "";
			dstSubfolderSpec = 7;
			files = (
				B066A145286213A600763515 /* assets in CopyFiles */,
			);
			runOnlyForDeploymentPostprocessing = 0;
		};
/* End PBXCopyFilesBuildPhase section */

/* Begin PBXFileReference section */
		B0272D6528B3678C002D3602 /* pbrtexture.h */ = {isa = PBXFileReference; fileEncoding = 4; lastKnownFileType = sourcecode.c.h; path = pbrtexture.h; sourceTree = "<group>"; };
		B0272D6628B3678C002D3602 /* pbrtexture.cpp */ = {isa = PBXFileReference; fileEncoding = 4; lastKnownFileType = sourcecode.cpp.cpp; path = pbrtexture.cpp; sourceTree = "<group>"; };
		B0272D6A28B47C3B002D3602 /* deferred.h */ = {isa = PBXFileReference; fileEncoding = 4; lastKnownFileType = sourcecode.c.h; path = deferred.h; sourceTree = "<group>"; };
		B0272D6B28B47C3B002D3602 /* deferred.cpp */ = {isa = PBXFileReference; fileEncoding = 4; lastKnownFileType = sourcecode.cpp.cpp; path = deferred.cpp; sourceTree = "<group>"; };
		B0272D6F28B4C609002D3602 /* deferredmutisampling.h */ = {isa = PBXFileReference; fileEncoding = 4; lastKnownFileType = sourcecode.c.h; path = deferredmutisampling.h; sourceTree = "<group>"; };
		B0272D7028B4C609002D3602 /* deferredmutisampling.cpp */ = {isa = PBXFileReference; fileEncoding = 4; lastKnownFileType = sourcecode.cpp.cpp; path = deferredmutisampling.cpp; sourceTree = "<group>"; };
		B0272D7428B4E294002D3602 /* deferredshadows.h */ = {isa = PBXFileReference; fileEncoding = 4; lastKnownFileType = sourcecode.c.h; path = deferredshadows.h; sourceTree = "<group>"; };
		B0272D7528B4E294002D3602 /* deferredshadows.cpp */ = {isa = PBXFileReference; fileEncoding = 4; lastKnownFileType = sourcecode.cpp.cpp; path = deferredshadows.cpp; sourceTree = "<group>"; };
		B0272D7928B70A45002D3602 /* ssao.h */ = {isa = PBXFileReference; fileEncoding = 4; lastKnownFileType = sourcecode.c.h; path = ssao.h; sourceTree = "<group>"; };
		B0272D7A28B70A45002D3602 /* ssao.cpp */ = {isa = PBXFileReference; fileEncoding = 4; lastKnownFileType = sourcecode.cpp.cpp; path = ssao.cpp; sourceTree = "<group>"; };
		B0272D8428B899F9002D3602 /* computershader.cpp */ = {isa = PBXFileReference; fileEncoding = 4; lastKnownFileType = sourcecode.cpp.cpp; path = computershader.cpp; sourceTree = "<group>"; };
		B0272D8528B899F9002D3602 /* computershader.h */ = {isa = PBXFileReference; fileEncoding = 4; lastKnownFileType = sourcecode.c.h; path = computershader.h; sourceTree = "<group>"; };
		B0272DD528BDA078002D3602 /* geometryshader.h */ = {isa = PBXFileReference; fileEncoding = 4; lastKnownFileType = sourcecode.c.h; path = geometryshader.h; sourceTree = "<group>"; };
		B0272DD628BDA078002D3602 /* geometryshader.cpp */ = {isa = PBXFileReference; fileEncoding = 4; lastKnownFileType = sourcecode.cpp.cpp; path = geometryshader.cpp; sourceTree = "<group>"; };
		B0272DDA28BDAC49002D3602 /* displacement.cpp */ = {isa = PBXFileReference; fileEncoding = 4; lastKnownFileType = sourcecode.cpp.cpp; path = displacement.cpp; sourceTree = "<group>"; };
		B0272DDB28BDAC49002D3602 /* displacement.h */ = {isa = PBXFileReference; fileEncoding = 4; lastKnownFileType = sourcecode.c.h; path = displacement.h; sourceTree = "<group>"; };
		B066A1422862125900763515 /* assets */ = {isa = PBXFileReference; lastKnownFileType = folder; path = assets; sourceTree = "<group>"; };
		B066DE1C28A4FF5D00726A95 /* thread.h */ = {isa = PBXFileReference; fileEncoding = 4; lastKnownFileType = sourcecode.c.h; path = thread.h; sourceTree = "<group>"; };
		B066DE1D28A4FF5D00726A95 /* thread.cpp */ = {isa = PBXFileReference; fileEncoding = 4; lastKnownFileType = sourcecode.cpp.cpp; path = thread.cpp; sourceTree = "<group>"; };
		B066DE2128A5074600726A95 /* multithread.cpp */ = {isa = PBXFileReference; fileEncoding = 4; lastKnownFileType = sourcecode.cpp.cpp; path = multithread.cpp; sourceTree = "<group>"; };
		B066DE2228A5074600726A95 /* multithread.h */ = {isa = PBXFileReference; fileEncoding = 4; lastKnownFileType = sourcecode.c.h; path = multithread.h; sourceTree = "<group>"; };
		B066DE2528A5FDD700726A95 /* frustum.h */ = {isa = PBXFileReference; fileEncoding = 4; lastKnownFileType = sourcecode.c.h; path = frustum.h; sourceTree = "<group>"; };
		B066DE2628A5FDD800726A95 /* frustum.cpp */ = {isa = PBXFileReference; fileEncoding = 4; lastKnownFileType = sourcecode.cpp.cpp; path = frustum.cpp; sourceTree = "<group>"; };
		B066DE2A28A9E44600726A95 /* instancing.cpp */ = {isa = PBXFileReference; fileEncoding = 4; lastKnownFileType = sourcecode.cpp.cpp; path = instancing.cpp; sourceTree = "<group>"; };
		B066DE2B28A9E44600726A95 /* instancing.h */ = {isa = PBXFileReference; fileEncoding = 4; lastKnownFileType = sourcecode.c.h; path = instancing.h; sourceTree = "<group>"; };
		B066DE2F28AA211500726A95 /* indirectdraw.cpp */ = {isa = PBXFileReference; fileEncoding = 4; lastKnownFileType = sourcecode.cpp.cpp; path = indirectdraw.cpp; sourceTree = "<group>"; };
		B066DE3028AA211500726A95 /* indirectdraw.h */ = {isa = PBXFileReference; fileEncoding = 4; lastKnownFileType = sourcecode.c.h; path = indirectdraw.h; sourceTree = "<group>"; };
		B066DE3428AB316F00726A95 /* occlusionquery.cpp */ = {isa = PBXFileReference; fileEncoding = 4; lastKnownFileType = sourcecode.cpp.cpp; path = occlusionquery.cpp; sourceTree = "<group>"; };
		B066DE3528AB316F00726A95 /* occlusionquery.h */ = {isa = PBXFileReference; fileEncoding = 4; lastKnownFileType = sourcecode.c.h; path = occlusionquery.h; sourceTree = "<group>"; };
		B066DE3928AB7D3200726A95 /* pipelinestatistics.cpp */ = {isa = PBXFileReference; fileEncoding = 4; lastKnownFileType = sourcecode.cpp.cpp; path = pipelinestatistics.cpp; sourceTree = "<group>"; };
		B066DE3A28AB7D3200726A95 /* pipelinestatistics.h */ = {isa = PBXFileReference; fileEncoding = 4; lastKnownFileType = sourcecode.c.h; path = pipelinestatistics.h; sourceTree = "<group>"; };
		B066DE4928AC955700726A95 /* pbrbasic.h */ = {isa = PBXFileReference; fileEncoding = 4; lastKnownFileType = sourcecode.c.h; path = pbrbasic.h; sourceTree = "<group>"; };
		B066DE4A28AC955700726A95 /* pbrbasic.cpp */ = {isa = PBXFileReference; fileEncoding = 4; lastKnownFileType = sourcecode.cpp.cpp; path = pbrbasic.cpp; sourceTree = "<group>"; };
		B066DE5428ACBE6B00726A95 /* pbribl.cpp */ = {isa = PBXFileReference; fileEncoding = 4; lastKnownFileType = sourcecode.cpp.cpp; path = pbribl.cpp; sourceTree = "<group>"; };
		B066DE5528ACBE6B00726A95 /* pbribl.h */ = {isa = PBXFileReference; fileEncoding = 4; lastKnownFileType = sourcecode.c.h; path = pbribl.h; sourceTree = "<group>"; };
		B066DE5928ACD54300726A95 /* svpng.inc */ = {isa = PBXFileReference; fileEncoding = 4; lastKnownFileType = sourcecode.pascal; path = svpng.inc; sourceTree = "<group>"; };
		B066DE5A28ACD54300726A95 /* svpng.c */ = {isa = PBXFileReference; fileEncoding = 4; lastKnownFileType = sourcecode.c.c; path = svpng.c; sourceTree = "<group>"; };
		B09AEA122862A380006ED326 /* imgui.h */ = {isa = PBXFileReference; fileEncoding = 4; lastKnownFileType = sourcecode.c.h; path = imgui.h; sourceTree = "<group>"; };
		B09AEA132862A380006ED326 /* imstb_textedit.h */ = {isa = PBXFileReference; fileEncoding = 4; lastKnownFileType = sourcecode.c.h; path = imstb_textedit.h; sourceTree = "<group>"; };
		B09AEA142862A380006ED326 /* imconfig.h */ = {isa = PBXFileReference; fileEncoding = 4; lastKnownFileType = sourcecode.c.h; path = imconfig.h; sourceTree = "<group>"; };
		B09AEA152862A380006ED326 /* imgui_widgets.cpp */ = {isa = PBXFileReference; fileEncoding = 4; lastKnownFileType = sourcecode.cpp.cpp; path = imgui_widgets.cpp; sourceTree = "<group>"; };
		B09AEA162862A380006ED326 /* imstb_truetype.h */ = {isa = PBXFileReference; fileEncoding = 4; lastKnownFileType = sourcecode.c.h; path = imstb_truetype.h; sourceTree = "<group>"; };
		B09AEA1E2862A380006ED326 /* imgui.cpp */ = {isa = PBXFileReference; fileEncoding = 4; lastKnownFileType = sourcecode.cpp.cpp; path = imgui.cpp; sourceTree = "<group>"; };
		B09AEA1F2862A380006ED326 /* imgui_internal.h */ = {isa = PBXFileReference; fileEncoding = 4; lastKnownFileType = sourcecode.c.h; path = imgui_internal.h; sourceTree = "<group>"; };
		B09AEA212862A380006ED326 /* imstb_rectpack.h */ = {isa = PBXFileReference; fileEncoding = 4; lastKnownFileType = sourcecode.c.h; path = imstb_rectpack.h; sourceTree = "<group>"; };
		B09AEA232862A380006ED326 /* imgui_tables.cpp */ = {isa = PBXFileReference; fileEncoding = 4; lastKnownFileType = sourcecode.cpp.cpp; path = imgui_tables.cpp; sourceTree = "<group>"; };
		B09AEA242862A380006ED326 /* imgui_demo.cpp */ = {isa = PBXFileReference; fileEncoding = 4; lastKnownFileType = sourcecode.cpp.cpp; path = imgui_demo.cpp; sourceTree = "<group>"; };
		B09AEA252862A380006ED326 /* imgui_draw.cpp */ = {isa = PBXFileReference; fileEncoding = 4; lastKnownFileType = sourcecode.cpp.cpp; path = imgui_draw.cpp; sourceTree = "<group>"; };
		B0A01072289228EE006A339B /* multisampling.cpp */ = {isa = PBXFileReference; fileEncoding = 4; lastKnownFileType = sourcecode.cpp.cpp; path = multisampling.cpp; sourceTree = "<group>"; };
		B0A01073289228EE006A339B /* multisampling.h */ = {isa = PBXFileReference; fileEncoding = 4; lastKnownFileType = sourcecode.c.h; path = multisampling.h; sourceTree = "<group>"; };
		B0A0107728926B34006A339B /* highdynamicrange.cpp */ = {isa = PBXFileReference; fileEncoding = 4; lastKnownFileType = sourcecode.cpp.cpp; path = highdynamicrange.cpp; sourceTree = "<group>"; };
		B0A0107828926B34006A339B /* highdynamicrange.h */ = {isa = PBXFileReference; fileEncoding = 4; lastKnownFileType = sourcecode.c.h; path = highdynamicrange.h; sourceTree = "<group>"; };
		B0A0107C2893DA76006A339B /* shadowmapping.h */ = {isa = PBXFileReference; fileEncoding = 4; lastKnownFileType = sourcecode.c.h; path = shadowmapping.h; sourceTree = "<group>"; };
		B0A0107D2893DA76006A339B /* shadowmapping.cpp */ = {isa = PBXFileReference; fileEncoding = 4; lastKnownFileType = sourcecode.cpp.cpp; path = shadowmapping.cpp; sourceTree = "<group>"; };
		B0A010812897DD0D006A339B /* shadowmappingcascade.h */ = {isa = PBXFileReference; fileEncoding = 4; lastKnownFileType = sourcecode.c.h; path = shadowmappingcascade.h; sourceTree = "<group>"; };
		B0A010822897DD0D006A339B /* shadowmappingcascade.cpp */ = {isa = PBXFileReference; fileEncoding = 4; lastKnownFileType = sourcecode.cpp.cpp; path = shadowmappingcascade.cpp; sourceTree = "<group>"; };
		B0A01086289BA9FC006A339B /* pointlightshadow.h */ = {isa = PBXFileReference; fileEncoding = 4; lastKnownFileType = sourcecode.c.h; path = pointlightshadow.h; sourceTree = "<group>"; };
		B0A01087289BA9FC006A339B /* pointlightshadow.cpp */ = {isa = PBXFileReference; fileEncoding = 4; lastKnownFileType = sourcecode.cpp.cpp; path = pointlightshadow.cpp; sourceTree = "<group>"; };
		B0A0108B289D1589006A339B /* runtimemipmap.cpp */ = {isa = PBXFileReference; fileEncoding = 4; lastKnownFileType = sourcecode.cpp.cpp; path = runtimemipmap.cpp; sourceTree = "<group>"; };
		B0A0108C289D1589006A339B /* runtimemipmap.h */ = {isa = PBXFileReference; fileEncoding = 4; lastKnownFileType = sourcecode.c.h; path = runtimemipmap.h; sourceTree = "<group>"; };
		B0A01090289E591A006A339B /* screenshot.h */ = {isa = PBXFileReference; fileEncoding = 4; lastKnownFileType = sourcecode.c.h; path = screenshot.h; sourceTree = "<group>"; };
		B0A01091289E591A006A339B /* screenshot.cpp */ = {isa = PBXFileReference; fileEncoding = 4; lastKnownFileType = sourcecode.cpp.cpp; path = screenshot.cpp; sourceTree = "<group>"; };
		B0A0109B28A20665006A339B /* orderindependenttransparency.h */ = {isa = PBXFileReference; fileEncoding = 4; lastKnownFileType = sourcecode.c.h; path = orderindependenttransparency.h; sourceTree = "<group>"; };
		B0A0109C28A20665006A339B /* orderindependenttransparency.cpp */ = {isa = PBXFileReference; fileEncoding = 4; lastKnownFileType = sourcecode.cpp.cpp; path = orderindependenttransparency.cpp; sourceTree = "<group>"; };
		B0A47F1B282E4D6200209D51 /* Vulkan */ = {isa = PBXFileReference; explicitFileType = "compiled.mach-o.executable"; includeInIndex = 0; path = Vulkan; sourceTree = BUILT_PRODUCTS_DIR; };
		B0A47F1E282E4D6200209D51 /* main.cpp */ = {isa = PBXFileReference; lastKnownFileType = sourcecode.cpp.cpp; path = main.cpp; sourceTree = "<group>"; };
		B0A48A95282E5E0B00209D51 /* libglfw3.a */ = {isa = PBXFileReference; lastKnownFileType = archive.ar; name = libglfw3.a; path = ../3rdParty/glfw/lib/libglfw3.a; sourceTree = "<group>"; };
		B0A48A97282E5EBF00209D51 /* CoreFoundation.framework */ = {isa = PBXFileReference; lastKnownFileType = wrapper.framework; name = CoreFoundation.framework; path = System/Library/Frameworks/CoreFoundation.framework; sourceTree = SDKROOT; };
		B0A48A99282E5EE800209D51 /* CoreGraphics.framework */ = {isa = PBXFileReference; lastKnownFileType = wrapper.framework; name = CoreGraphics.framework; path = System/Library/Frameworks/CoreGraphics.framework; sourceTree = SDKROOT; };
		B0A48A9B282E5F0F00209D51 /* IOKit.framework */ = {isa = PBXFileReference; lastKnownFileType = wrapper.framework; name = IOKit.framework; path = System/Library/Frameworks/IOKit.framework; sourceTree = SDKROOT; };
		B0A48A9D282E604E00209D51 /* SwiftUI.framework */ = {isa = PBXFileReference; lastKnownFileType = wrapper.framework; name = SwiftUI.framework; path = System/Library/Frameworks/SwiftUI.framework; sourceTree = SDKROOT; };
		B0A48A9F282E607400209D51 /* Cocoa.framework */ = {isa = PBXFileReference; lastKnownFileType = wrapper.framework; name = Cocoa.framework; path = System/Library/Frameworks/Cocoa.framework; sourceTree = SDKROOT; };
		B0A48AA1282E74FB00209D51 /* libvulkan.1.dylib */ = {isa = PBXFileReference; lastKnownFileType = "compiled.mach-o.dylib"; name = libvulkan.1.dylib; path = ../3rdParty/VulkanSDK/lib/libvulkan.1.dylib; sourceTree = "<group>"; };
		B0B5D0172875293B003A175D /* ui.cpp */ = {isa = PBXFileReference; fileEncoding = 4; lastKnownFileType = sourcecode.cpp.cpp; path = ui.cpp; sourceTree = "<group>"; };
		B0B5D0182875293B003A175D /* ui.h */ = {isa = PBXFileReference; fileEncoding = 4; lastKnownFileType = sourcecode.c.h; path = ui.h; sourceTree = "<group>"; };
		B0B5D0192875293B003A175D /* camera.cpp */ = {isa = PBXFileReference; fileEncoding = 4; lastKnownFileType = sourcecode.cpp.cpp; path = camera.cpp; sourceTree = "<group>"; };
		B0B5D01A2875293B003A175D /* application.h */ = {isa = PBXFileReference; fileEncoding = 4; lastKnownFileType = sourcecode.c.h; path = application.h; sourceTree = "<group>"; };
		B0B5D01B2875293B003A175D /* camera.h */ = {isa = PBXFileReference; fileEncoding = 4; lastKnownFileType = sourcecode.c.h; path = camera.h; sourceTree = "<group>"; };
		B0B5D01C2875293B003A175D /* tools.h */ = {isa = PBXFileReference; fileEncoding = 4; lastKnownFileType = sourcecode.c.h; path = tools.h; sourceTree = "<group>"; };
		B0B5D01D2875293B003A175D /* tools.cpp */ = {isa = PBXFileReference; fileEncoding = 4; lastKnownFileType = sourcecode.cpp.cpp; path = tools.cpp; sourceTree = "<group>"; };
		B0B5D01E2875293B003A175D /* application.cpp */ = {isa = PBXFileReference; fileEncoding = 4; lastKnownFileType = sourcecode.cpp.cpp; path = application.cpp; sourceTree = "<group>"; };
		B0B5D0262875297A003A175D /* pipelines.cpp */ = {isa = PBXFileReference; fileEncoding = 4; lastKnownFileType = sourcecode.cpp.cpp; path = pipelines.cpp; sourceTree = "<group>"; };
		B0B5D0272875297A003A175D /* pipelines.h */ = {isa = PBXFileReference; fileEncoding = 4; lastKnownFileType = sourcecode.c.h; path = pipelines.h; sourceTree = "<group>"; };
		B0B5D02A28753328003A175D /* gltfLoader.cpp */ = {isa = PBXFileReference; fileEncoding = 4; lastKnownFileType = sourcecode.cpp.cpp; path = gltfLoader.cpp; sourceTree = "<group>"; };
		B0B5D02B28753328003A175D /* gltfLoader.h */ = {isa = PBXFileReference; fileEncoding = 4; lastKnownFileType = sourcecode.c.h; path = gltfLoader.h; sourceTree = "<group>"; };
		B0B5D07C2876AB40003A175D /* texture.c */ = {isa = PBXFileReference; fileEncoding = 4; lastKnownFileType = sourcecode.c.c; name = texture.c; path = ../../3rdParty/ktx/lib/texture.c; sourceTree = "<group>"; };
		B0B5D07F2876ABAF003A175D /* memstream.c */ = {isa = PBXFileReference; fileEncoding = 4; lastKnownFileType = sourcecode.c.c; name = memstream.c; path = ../../3rdParty/ktx/lib/memstream.c; sourceTree = "<group>"; };
		B0B5D0822876ABC0003A175D /* filestream.c */ = {isa = PBXFileReference; fileEncoding = 4; lastKnownFileType = sourcecode.c.c; name = filestream.c; path = ../../3rdParty/ktx/lib/filestream.c; sourceTree = "<group>"; };
		B0B5D0852876AC3F003A175D /* checkheader.c */ = {isa = PBXFileReference; fileEncoding = 4; lastKnownFileType = sourcecode.c.c; name = checkheader.c; path = ../../3rdParty/ktx/lib/checkheader.c; sourceTree = "<group>"; };
		B0B5D0882876AC69003A175D /* swap.c */ = {isa = PBXFileReference; fileEncoding = 4; lastKnownFileType = sourcecode.c.c; name = swap.c; path = ../../3rdParty/ktx/lib/swap.c; sourceTree = "<group>"; };
		B0B5D08B2876AC95003A175D /* hashlist.c */ = {isa = PBXFileReference; fileEncoding = 4; lastKnownFileType = sourcecode.c.c; name = hashlist.c; path = ../../3rdParty/ktx/lib/hashlist.c; sourceTree = "<group>"; };
		B0B5D09528783317003A175D /* gltfModel.cpp */ = {isa = PBXFileReference; fileEncoding = 4; lastKnownFileType = sourcecode.cpp.cpp; path = gltfModel.cpp; sourceTree = "<group>"; };
		B0B5D09628783317003A175D /* gltfModel.h */ = {isa = PBXFileReference; fileEncoding = 4; lastKnownFileType = sourcecode.c.h; path = gltfModel.h; sourceTree = "<group>"; };
		B0B5D099287920AD003A175D /* gltfNode.cpp */ = {isa = PBXFileReference; fileEncoding = 4; lastKnownFileType = sourcecode.cpp.cpp; path = gltfNode.cpp; sourceTree = "<group>"; };
		B0B5D09A287920AD003A175D /* gltfNode.h */ = {isa = PBXFileReference; fileEncoding = 4; lastKnownFileType = sourcecode.c.h; path = gltfNode.h; sourceTree = "<group>"; };
		B0B5D09D287944F6003A175D /* mesh.h */ = {isa = PBXFileReference; fileEncoding = 4; lastKnownFileType = sourcecode.c.h; path = mesh.h; sourceTree = "<group>"; };
		B0B5D09E287944F6003A175D /* mesh.cpp */ = {isa = PBXFileReference; fileEncoding = 4; lastKnownFileType = sourcecode.cpp.cpp; path = mesh.cpp; sourceTree = "<group>"; };
		B0B5D0A128794562003A175D /* vertex.cpp */ = {isa = PBXFileReference; fileEncoding = 4; lastKnownFileType = sourcecode.cpp.cpp; path = vertex.cpp; sourceTree = "<group>"; };
		B0B5D0A228794562003A175D /* vertex.h */ = {isa = PBXFileReference; fileEncoding = 4; lastKnownFileType = sourcecode.c.h; path = vertex.h; sourceTree = "<group>"; };
		B0B5D0A528794942003A175D /* primitive.cpp */ = {isa = PBXFileReference; fileEncoding = 4; lastKnownFileType = sourcecode.cpp.cpp; path = primitive.cpp; sourceTree = "<group>"; };
		B0B5D0A628794942003A175D /* primitive.h */ = {isa = PBXFileReference; fileEncoding = 4; lastKnownFileType = sourcecode.c.h; path = primitive.h; sourceTree = "<group>"; };
		B0B5D0A92879863A003A175D /* material.h */ = {isa = PBXFileReference; fileEncoding = 4; lastKnownFileType = sourcecode.c.h; path = material.h; sourceTree = "<group>"; };
		B0B5D0AA2879863A003A175D /* material.cpp */ = {isa = PBXFileReference; fileEncoding = 4; lastKnownFileType = sourcecode.cpp.cpp; path = material.cpp; sourceTree = "<group>"; };
		B0B5D0AE287BFCCC003A175D /* descriptorsets.cpp */ = {isa = PBXFileReference; fileEncoding = 4; lastKnownFileType = sourcecode.cpp.cpp; path = descriptorsets.cpp; sourceTree = "<group>"; };
		B0B5D0AF287BFCCC003A175D /* descriptorsets.h */ = {isa = PBXFileReference; fileEncoding = 4; lastKnownFileType = sourcecode.c.h; path = descriptorsets.h; sourceTree = "<group>"; };
		B0B5D0B3287C1992003A175D /* texture.cpp */ = {isa = PBXFileReference; fileEncoding = 4; lastKnownFileType = sourcecode.cpp.cpp; path = texture.cpp; sourceTree = "<group>"; };
		B0B5D0B4287C1992003A175D /* texture.h */ = {isa = PBXFileReference; fileEncoding = 4; lastKnownFileType = sourcecode.c.h; path = texture.h; sourceTree = "<group>"; };
		B0B5D0B8287D50A3003A175D /* dynamicuniformbuffer.cpp */ = {isa = PBXFileReference; fileEncoding = 4; lastKnownFileType = sourcecode.cpp.cpp; path = dynamicuniformbuffer.cpp; sourceTree = "<group>"; };
		B0B5D0B9287D50A3003A175D /* dynamicuniformbuffer.h */ = {isa = PBXFileReference; fileEncoding = 4; lastKnownFileType = sourcecode.c.h; path = dynamicuniformbuffer.h; sourceTree = "<group>"; };
		B0B5D0BE287EBB26003A175D /* pushconstants.cpp */ = {isa = PBXFileReference; fileEncoding = 4; lastKnownFileType = sourcecode.cpp.cpp; path = pushconstants.cpp; sourceTree = "<group>"; };
		B0B5D0BF287EBB26003A175D /* pushconstants.h */ = {isa = PBXFileReference; fileEncoding = 4; lastKnownFileType = sourcecode.c.h; path = pushconstants.h; sourceTree = "<group>"; };
		B0B5D0C3287ECA78003A175D /* specializationconstants.h */ = {isa = PBXFileReference; fileEncoding = 4; lastKnownFileType = sourcecode.c.h; path = specializationconstants.h; sourceTree = "<group>"; };
		B0B5D0C4287ECA78003A175D /* specializationconstants.cpp */ = {isa = PBXFileReference; fileEncoding = 4; lastKnownFileType = sourcecode.cpp.cpp; path = specializationconstants.cpp; sourceTree = "<group>"; };
		B0B5D0C8287FC9EC003A175D /* texturemapping.cpp */ = {isa = PBXFileReference; fileEncoding = 4; lastKnownFileType = sourcecode.cpp.cpp; path = texturemapping.cpp; sourceTree = "<group>"; };
		B0B5D0C9287FC9EC003A175D /* texturemapping.h */ = {isa = PBXFileReference; fileEncoding = 4; lastKnownFileType = sourcecode.c.h; path = texturemapping.h; sourceTree = "<group>"; };
		B0B5D0CD287FEC3F003A175D /* texturearray.cpp */ = {isa = PBXFileReference; fileEncoding = 4; lastKnownFileType = sourcecode.cpp.cpp; path = texturearray.cpp; sourceTree = "<group>"; };
		B0B5D0CE287FEC3F003A175D /* texturearray.h */ = {isa = PBXFileReference; fileEncoding = 4; lastKnownFileType = sourcecode.c.h; path = texturearray.h; sourceTree = "<group>"; };
		B0B5D0D228801610003A175D /* texturecubemapping.h */ = {isa = PBXFileReference; fileEncoding = 4; lastKnownFileType = sourcecode.c.h; path = texturecubemapping.h; sourceTree = "<group>"; };
		B0B5D0D328801610003A175D /* texturecubemapping.cpp */ = {isa = PBXFileReference; fileEncoding = 4; lastKnownFileType = sourcecode.cpp.cpp; path = texturecubemapping.cpp; sourceTree = "<group>"; };
		B0B5D0D72881110B003A175D /* texturecubemaparray.h */ = {isa = PBXFileReference; fileEncoding = 4; lastKnownFileType = sourcecode.c.h; path = texturecubemaparray.h; sourceTree = "<group>"; };
		B0B5D0D82881110B003A175D /* texturecubemaparray.cpp */ = {isa = PBXFileReference; fileEncoding = 4; lastKnownFileType = sourcecode.cpp.cpp; path = texturecubemaparray.cpp; sourceTree = "<group>"; };
		B0B5D0DB28812D06003A175D /* noise.cpp */ = {isa = PBXFileReference; fileEncoding = 4; lastKnownFileType = sourcecode.cpp.cpp; path = noise.cpp; sourceTree = "<group>"; };
		B0B5D0DC28812D06003A175D /* noise.h */ = {isa = PBXFileReference; fileEncoding = 4; lastKnownFileType = sourcecode.c.h; path = noise.h; sourceTree = "<group>"; };
		B0B5D0E028813096003A175D /* texture3d.h */ = {isa = PBXFileReference; fileEncoding = 4; lastKnownFileType = sourcecode.c.h; path = texture3d.h; sourceTree = "<group>"; };
		B0B5D0E128813096003A175D /* texture3d.cpp */ = {isa = PBXFileReference; fileEncoding = 4; lastKnownFileType = sourcecode.cpp.cpp; path = texture3d.cpp; sourceTree = "<group>"; };
		B0B5D0EB28816280003A175D /* inputattachments.h */ = {isa = PBXFileReference; fileEncoding = 4; lastKnownFileType = sourcecode.c.h; path = inputattachments.h; sourceTree = "<group>"; };
		B0B5D0EC28816280003A175D /* inputattachments.cpp */ = {isa = PBXFileReference; fileEncoding = 4; lastKnownFileType = sourcecode.cpp.cpp; path = inputattachments.cpp; sourceTree = "<group>"; };
		B0B5D0F028864605003A175D /* subpasses.h */ = {isa = PBXFileReference; fileEncoding = 4; lastKnownFileType = sourcecode.c.h; path = subpasses.h; sourceTree = "<group>"; };
		B0B5D0F128864605003A175D /* subpasses.cpp */ = {isa = PBXFileReference; fileEncoding = 4; lastKnownFileType = sourcecode.cpp.cpp; path = subpasses.cpp; sourceTree = "<group>"; };
		B0B5D0F528879E48003A175D /* offscreen.cpp */ = {isa = PBXFileReference; fileEncoding = 4; lastKnownFileType = sourcecode.cpp.cpp; path = offscreen.cpp; sourceTree = "<group>"; };
		B0B5D0F628879E48003A175D /* offscreen.h */ = {isa = PBXFileReference; fileEncoding = 4; lastKnownFileType = sourcecode.c.h; path = offscreen.h; sourceTree = "<group>"; };
		B0B5D0FA2888F884003A175D /* particlefire.cpp */ = {isa = PBXFileReference; fileEncoding = 4; lastKnownFileType = sourcecode.cpp.cpp; path = particlefire.cpp; sourceTree = "<group>"; };
		B0B5D0FB2888F884003A175D /* particlefire.h */ = {isa = PBXFileReference; fileEncoding = 4; lastKnownFileType = sourcecode.c.h; path = particlefire.h; sourceTree = "<group>"; };
		B0B5D104288949AA003A175D /* stencilbuffer.h */ = {isa = PBXFileReference; fileEncoding = 4; lastKnownFileType = sourcecode.c.h; path = stencilbuffer.h; sourceTree = "<group>"; };
		B0B5D105288949AA003A175D /* stencilbuffer.cpp */ = {isa = PBXFileReference; fileEncoding = 4; lastKnownFileType = sourcecode.cpp.cpp; path = stencilbuffer.cpp; sourceTree = "<group>"; };
		B0B5D109288A7935003A175D /* separatevertexattributes.cpp */ = {isa = PBXFileReference; fileEncoding = 4; lastKnownFileType = sourcecode.cpp.cpp; path = separatevertexattributes.cpp; sourceTree = "<group>"; };
		B0B5D10A288A7935003A175D /* separatevertexattributes.h */ = {isa = PBXFileReference; fileEncoding = 4; lastKnownFileType = sourcecode.c.h; path = separatevertexattributes.h; sourceTree = "<group>"; };
		B0B5D10E288A8CCA003A175D /* gltfloading.cpp */ = {isa = PBXFileReference; fileEncoding = 4; lastKnownFileType = sourcecode.cpp.cpp; path = gltfloading.cpp; sourceTree = "<group>"; };
		B0B5D10F288A8CCA003A175D /* gltfloading.h */ = {isa = PBXFileReference; fileEncoding = 4; lastKnownFileType = sourcecode.c.h; path = gltfloading.h; sourceTree = "<group>"; };
		B0B5D113288E85C0003A175D /* gltfskinning.cpp */ = {isa = PBXFileReference; fileEncoding = 4; lastKnownFileType = sourcecode.cpp.cpp; path = gltfskinning.cpp; sourceTree = "<group>"; };
		B0B5D114288E85C0003A175D /* gltfskinning.h */ = {isa = PBXFileReference; fileEncoding = 4; lastKnownFileType = sourcecode.c.h; path = gltfskinning.h; sourceTree = "<group>"; };
		B0B5D117288E9CE0003A175D /* skin.h */ = {isa = PBXFileReference; fileEncoding = 4; lastKnownFileType = sourcecode.c.h; path = skin.h; sourceTree = "<group>"; };
		B0B5D118288E9CE0003A175D /* skin.cpp */ = {isa = PBXFileReference; fileEncoding = 4; lastKnownFileType = sourcecode.cpp.cpp; path = skin.cpp; sourceTree = "<group>"; };
		B0B5D11B288F8C1D003A175D /* animation.h */ = {isa = PBXFileReference; fileEncoding = 4; lastKnownFileType = sourcecode.c.h; path = animation.h; sourceTree = "<group>"; };
		B0B5D11C288F8C1D003A175D /* animation.cpp */ = {isa = PBXFileReference; fileEncoding = 4; lastKnownFileType = sourcecode.cpp.cpp; path = animation.cpp; sourceTree = "<group>"; };
		B0B5D1202890D86F003A175D /* gltfscenerendering.h */ = {isa = PBXFileReference; fileEncoding = 4; lastKnownFileType = sourcecode.c.h; path = gltfscenerendering.h; sourceTree = "<group>"; };
		B0B5D1212890D86F003A175D /* gltfscenerendering.cpp */ = {isa = PBXFileReference; fileEncoding = 4; lastKnownFileType = sourcecode.cpp.cpp; path = gltfscenerendering.cpp; sourceTree = "<group>"; };
		B0E13A1A2861729300D1D2B6 /* triangle.h */ = {isa = PBXFileReference; fileEncoding = 4; lastKnownFileType = sourcecode.c.h; path = triangle.h; sourceTree = "<group>"; };
		B0E13A1B2861729300D1D2B6 /* triangle.cpp */ = {isa = PBXFileReference; fileEncoding = 4; lastKnownFileType = sourcecode.cpp.cpp; path = triangle.cpp; sourceTree = "<group>"; };
/* End PBXFileReference section */

/* Begin PBXFrameworksBuildPhase section */
		B0A47F18282E4D6200209D51 /* Frameworks */ = {
			isa = PBXFrameworksBuildPhase;
			buildActionMask = 2147483647;
			files = (
				B0A48AA2282E74FB00209D51 /* libvulkan.1.dylib in Frameworks */,
				B0A48AA0282E607400209D51 /* Cocoa.framework in Frameworks */,
				B0A48A9C282E5F0F00209D51 /* IOKit.framework in Frameworks */,
				B0A48A9A282E5EE800209D51 /* CoreGraphics.framework in Frameworks */,
				B0A48A98282E5EBF00209D51 /* CoreFoundation.framework in Frameworks */,
				B0A48A96282E5E0B00209D51 /* libglfw3.a in Frameworks */,
			);
			runOnlyForDeploymentPostprocessing = 0;
		};
/* End PBXFrameworksBuildPhase section */

/* Begin PBXGroup section */
		B0272D6428B3678C002D3602 /* pbrtexture */ = {
			isa = PBXGroup;
			children = (
				B0272D6528B3678C002D3602 /* pbrtexture.h */,
				B0272D6628B3678C002D3602 /* pbrtexture.cpp */,
			);
			path = pbrtexture;
			sourceTree = "<group>";
		};
		B0272D6928B47C3B002D3602 /* deferred */ = {
			isa = PBXGroup;
			children = (
				B0272D6A28B47C3B002D3602 /* deferred.h */,
				B0272D6B28B47C3B002D3602 /* deferred.cpp */,
			);
			path = deferred;
			sourceTree = "<group>";
		};
		B0272D6E28B4C609002D3602 /* deferredmutisampling */ = {
			isa = PBXGroup;
			children = (
				B0272D6F28B4C609002D3602 /* deferredmutisampling.h */,
				B0272D7028B4C609002D3602 /* deferredmutisampling.cpp */,
			);
			path = deferredmutisampling;
			sourceTree = "<group>";
		};
		B0272D7328B4E294002D3602 /* deferredshadows */ = {
			isa = PBXGroup;
			children = (
				B0272D7428B4E294002D3602 /* deferredshadows.h */,
				B0272D7528B4E294002D3602 /* deferredshadows.cpp */,
			);
			path = deferredshadows;
			sourceTree = "<group>";
		};
		B0272D7828B70A45002D3602 /* ssao */ = {
			isa = PBXGroup;
			children = (
				B0272D7928B70A45002D3602 /* ssao.h */,
				B0272D7A28B70A45002D3602 /* ssao.cpp */,
			);
			path = ssao;
			sourceTree = "<group>";
		};
		B0272D8328B899F9002D3602 /* computershader */ = {
			isa = PBXGroup;
			children = (
				B0272D8428B899F9002D3602 /* computershader.cpp */,
				B0272D8528B899F9002D3602 /* computershader.h */,
			);
			path = computershader;
			sourceTree = "<group>";
		};
		B0272DD428BDA078002D3602 /* geometryshader */ = {
			isa = PBXGroup;
			children = (
				B0272DD528BDA078002D3602 /* geometryshader.h */,
				B0272DD628BDA078002D3602 /* geometryshader.cpp */,
			);
			path = geometryshader;
			sourceTree = "<group>";
		};
		B0272DD928BDAC49002D3602 /* displacement */ = {
			isa = PBXGroup;
			children = (
				B0272DDA28BDAC49002D3602 /* displacement.cpp */,
				B0272DDB28BDAC49002D3602 /* displacement.h */,
			);
			path = displacement;
			sourceTree = "<group>";
		};
		B066DE2028A5074600726A95 /* multithread */ = {
			isa = PBXGroup;
			children = (
				B066DE2128A5074600726A95 /* multithread.cpp */,
				B066DE2228A5074600726A95 /* multithread.h */,
			);
			path = multithread;
			sourceTree = "<group>";
		};
		B066DE2928A9E44600726A95 /* instancing */ = {
			isa = PBXGroup;
			children = (
				B066DE2A28A9E44600726A95 /* instancing.cpp */,
				B066DE2B28A9E44600726A95 /* instancing.h */,
			);
			path = instancing;
			sourceTree = "<group>";
		};
		B066DE2E28AA211500726A95 /* indirectdraw */ = {
			isa = PBXGroup;
			children = (
				B066DE2F28AA211500726A95 /* indirectdraw.cpp */,
				B066DE3028AA211500726A95 /* indirectdraw.h */,
			);
			path = indirectdraw;
			sourceTree = "<group>";
		};
		B066DE3328AB316F00726A95 /* occlusionquery */ = {
			isa = PBXGroup;
			children = (
				B066DE3428AB316F00726A95 /* occlusionquery.cpp */,
				B066DE3528AB316F00726A95 /* occlusionquery.h */,
			);
			path = occlusionquery;
			sourceTree = "<group>";
		};
		B066DE3828AB7D3200726A95 /* pipelinestatistics */ = {
			isa = PBXGroup;
			children = (
				B066DE3928AB7D3200726A95 /* pipelinestatistics.cpp */,
				B066DE3A28AB7D3200726A95 /* pipelinestatistics.h */,
			);
			path = pipelinestatistics;
			sourceTree = "<group>";
		};
		B066DE4828AC955700726A95 /* pbrbasic */ = {
			isa = PBXGroup;
			children = (
				B066DE4928AC955700726A95 /* pbrbasic.h */,
				B066DE4A28AC955700726A95 /* pbrbasic.cpp */,
			);
			path = pbrbasic;
			sourceTree = "<group>";
		};
		B066DE5328ACBE6B00726A95 /* pbribl */ = {
			isa = PBXGroup;
			children = (
				B066DE5428ACBE6B00726A95 /* pbribl.cpp */,
				B066DE5528ACBE6B00726A95 /* pbribl.h */,
			);
			path = pbribl;
			sourceTree = "<group>";
		};
		B09AE9F82862A380006ED326 /* imgui */ = {
			isa = PBXGroup;
			children = (
				B09AEA122862A380006ED326 /* imgui.h */,
				B09AEA132862A380006ED326 /* imstb_textedit.h */,
				B09AEA142862A380006ED326 /* imconfig.h */,
				B09AEA152862A380006ED326 /* imgui_widgets.cpp */,
				B09AEA162862A380006ED326 /* imstb_truetype.h */,
				B09AEA1E2862A380006ED326 /* imgui.cpp */,
				B09AEA1F2862A380006ED326 /* imgui_internal.h */,
				B09AEA212862A380006ED326 /* imstb_rectpack.h */,
				B09AEA232862A380006ED326 /* imgui_tables.cpp */,
				B09AEA242862A380006ED326 /* imgui_demo.cpp */,
				B09AEA252862A380006ED326 /* imgui_draw.cpp */,
			);
			name = imgui;
			path = ../3rdParty/imgui;
			sourceTree = "<group>";
		};
		B0A01071289228EE006A339B /* multisampling */ = {
			isa = PBXGroup;
			children = (
				B0A01072289228EE006A339B /* multisampling.cpp */,
				B0A01073289228EE006A339B /* multisampling.h */,
			);
			path = multisampling;
			sourceTree = "<group>";
		};
		B0A0107628926B34006A339B /* highdynamicrange */ = {
			isa = PBXGroup;
			children = (
				B0A0107728926B34006A339B /* highdynamicrange.cpp */,
				B0A0107828926B34006A339B /* highdynamicrange.h */,
			);
			path = highdynamicrange;
			sourceTree = "<group>";
		};
		B0A0107B2893DA76006A339B /* shadowmapping */ = {
			isa = PBXGroup;
			children = (
				B0A0107C2893DA76006A339B /* shadowmapping.h */,
				B0A0107D2893DA76006A339B /* shadowmapping.cpp */,
			);
			path = shadowmapping;
			sourceTree = "<group>";
		};
		B0A010802897DD0D006A339B /* shadowmappingcascade */ = {
			isa = PBXGroup;
			children = (
				B0A010812897DD0D006A339B /* shadowmappingcascade.h */,
				B0A010822897DD0D006A339B /* shadowmappingcascade.cpp */,
			);
			path = shadowmappingcascade;
			sourceTree = "<group>";
		};
		B0A01085289BA9FC006A339B /* pointlightshadow */ = {
			isa = PBXGroup;
			children = (
				B0A01086289BA9FC006A339B /* pointlightshadow.h */,
				B0A01087289BA9FC006A339B /* pointlightshadow.cpp */,
			);
			path = pointlightshadow;
			sourceTree = "<group>";
		};
		B0A0108A289D1589006A339B /* runtimemipmap */ = {
			isa = PBXGroup;
			children = (
				B0A0108B289D1589006A339B /* runtimemipmap.cpp */,
				B0A0108C289D1589006A339B /* runtimemipmap.h */,
			);
			path = runtimemipmap;
			sourceTree = "<group>";
		};
		B0A0108F289E591A006A339B /* screenshot */ = {
			isa = PBXGroup;
			children = (
				B0A01090289E591A006A339B /* screenshot.h */,
				B0A01091289E591A006A339B /* screenshot.cpp */,
			);
			path = screenshot;
			sourceTree = "<group>";
		};
		B0A0109A28A20665006A339B /* orderindependenttransparency */ = {
			isa = PBXGroup;
			children = (
				B0A0109B28A20665006A339B /* orderindependenttransparency.h */,
				B0A0109C28A20665006A339B /* orderindependenttransparency.cpp */,
			);
			path = orderindependenttransparency;
			sourceTree = "<group>";
		};
		B0A47F12282E4D6200209D51 = {
			isa = PBXGroup;
			children = (
				B0B5D07B2876AB19003A175D /* ktx */,
				B09AE9F82862A380006ED326 /* imgui */,
				B0A47F1D282E4D6200209D51 /* Vulkan */,
				B0A47F1C282E4D6200209D51 /* Products */,
				B0A48A94282E5E0B00209D51 /* Frameworks */,
			);
			sourceTree = "<group>";
		};
		B0A47F1C282E4D6200209D51 /* Products */ = {
			isa = PBXGroup;
			children = (
				B0A47F1B282E4D6200209D51 /* Vulkan */,
			);
			name = Products;
			sourceTree = "<group>";
		};
		B0A47F1D282E4D6200209D51 /* Vulkan */ = {
			isa = PBXGroup;
			children = (
				B066A1422862125900763515 /* assets */,
				B0B5D0162875293B003A175D /* common */,
				B0E13A182861729300D1D2B6 /* sample */,
				B0A47F1E282E4D6200209D51 /* main.cpp */,
			);
			path = Vulkan;
			sourceTree = "<group>";
		};
		B0A48A94282E5E0B00209D51 /* Frameworks */ = {
			isa = PBXGroup;
			children = (
				B0A48AA1282E74FB00209D51 /* libvulkan.1.dylib */,
				B0A48A9F282E607400209D51 /* Cocoa.framework */,
				B0A48A9D282E604E00209D51 /* SwiftUI.framework */,
				B0A48A9B282E5F0F00209D51 /* IOKit.framework */,
				B0A48A99282E5EE800209D51 /* CoreGraphics.framework */,
				B0A48A97282E5EBF00209D51 /* CoreFoundation.framework */,
				B0A48A95282E5E0B00209D51 /* libglfw3.a */,
			);
			name = Frameworks;
			sourceTree = "<group>";
		};
		B0B5D0162875293B003A175D /* common */ = {
			isa = PBXGroup;
			children = (
				B066DE2628A5FDD800726A95 /* frustum.cpp */,
				B066DE2528A5FDD700726A95 /* frustum.h */,
				B066DE5A28ACD54300726A95 /* svpng.c */,
				B066DE5928ACD54300726A95 /* svpng.inc */,
				B066DE1D28A4FF5D00726A95 /* thread.cpp */,
				B066DE1C28A4FF5D00726A95 /* thread.h */,
				B0B5D0DB28812D06003A175D /* noise.cpp */,
				B0B5D0DC28812D06003A175D /* noise.h */,
				B0B5D0B3287C1992003A175D /* texture.cpp */,
				B0B5D0B4287C1992003A175D /* texture.h */,
				B0B5D0AA2879863A003A175D /* material.cpp */,
				B0B5D0A92879863A003A175D /* material.h */,
				B0B5D0A528794942003A175D /* primitive.cpp */,
				B0B5D0A628794942003A175D /* primitive.h */,
				B0B5D0A128794562003A175D /* vertex.cpp */,
				B0B5D0A228794562003A175D /* vertex.h */,
				B0B5D11C288F8C1D003A175D /* animation.cpp */,
				B0B5D11B288F8C1D003A175D /* animation.h */,
				B0B5D118288E9CE0003A175D /* skin.cpp */,
				B0B5D117288E9CE0003A175D /* skin.h */,
				B0B5D09E287944F6003A175D /* mesh.cpp */,
				B0B5D09D287944F6003A175D /* mesh.h */,
				B0B5D099287920AD003A175D /* gltfNode.cpp */,
				B0B5D09A287920AD003A175D /* gltfNode.h */,
				B0B5D02A28753328003A175D /* gltfLoader.cpp */,
				B0B5D02B28753328003A175D /* gltfLoader.h */,
				B0B5D09528783317003A175D /* gltfModel.cpp */,
				B0B5D09628783317003A175D /* gltfModel.h */,
				B0B5D0172875293B003A175D /* ui.cpp */,
				B0B5D0182875293B003A175D /* ui.h */,
				B0B5D0192875293B003A175D /* camera.cpp */,
				B0B5D01B2875293B003A175D /* camera.h */,
				B0B5D01E2875293B003A175D /* application.cpp */,
				B0B5D01A2875293B003A175D /* application.h */,
				B0B5D01D2875293B003A175D /* tools.cpp */,
				B0B5D01C2875293B003A175D /* tools.h */,
			);
			path = common;
			sourceTree = "<group>";
		};
		B0B5D0252875297A003A175D /* pipelines */ = {
			isa = PBXGroup;
			children = (
				B0B5D0262875297A003A175D /* pipelines.cpp */,
				B0B5D0272875297A003A175D /* pipelines.h */,
			);
			path = pipelines;
			sourceTree = "<group>";
		};
		B0B5D07B2876AB19003A175D /* ktx */ = {
			isa = PBXGroup;
			children = (
				B0B5D08B2876AC95003A175D /* hashlist.c */,
				B0B5D0852876AC3F003A175D /* checkheader.c */,
				B0B5D0822876ABC0003A175D /* filestream.c */,
				B0B5D07F2876ABAF003A175D /* memstream.c */,
				B0B5D0882876AC69003A175D /* swap.c */,
				B0B5D07C2876AB40003A175D /* texture.c */,
			);
			name = ktx;
			path = ../3rdParty/ktx;
			sourceTree = "<group>";
		};
		B0B5D0AD287BFCCC003A175D /* descriptorsets */ = {
			isa = PBXGroup;
			children = (
				B0B5D0AE287BFCCC003A175D /* descriptorsets.cpp */,
				B0B5D0AF287BFCCC003A175D /* descriptorsets.h */,
			);
			path = descriptorsets;
			sourceTree = "<group>";
		};
		B0B5D0B7287D50A3003A175D /* dynamicuniformbuffer */ = {
			isa = PBXGroup;
			children = (
				B0B5D0B8287D50A3003A175D /* dynamicuniformbuffer.cpp */,
				B0B5D0B9287D50A3003A175D /* dynamicuniformbuffer.h */,
			);
			path = dynamicuniformbuffer;
			sourceTree = "<group>";
		};
		B0B5D0BD287EBB26003A175D /* pushconstants */ = {
			isa = PBXGroup;
			children = (
				B0B5D0BE287EBB26003A175D /* pushconstants.cpp */,
				B0B5D0BF287EBB26003A175D /* pushconstants.h */,
			);
			path = pushconstants;
			sourceTree = "<group>";
		};
		B0B5D0C2287ECA78003A175D /* specializationconstants */ = {
			isa = PBXGroup;
			children = (
				B0B5D0C3287ECA78003A175D /* specializationconstants.h */,
				B0B5D0C4287ECA78003A175D /* specializationconstants.cpp */,
			);
			path = specializationconstants;
			sourceTree = "<group>";
		};
		B0B5D0C7287FC9EC003A175D /* texturemapping */ = {
			isa = PBXGroup;
			children = (
				B0B5D0C8287FC9EC003A175D /* texturemapping.cpp */,
				B0B5D0C9287FC9EC003A175D /* texturemapping.h */,
			);
			path = texturemapping;
			sourceTree = "<group>";
		};
		B0B5D0CC287FEC3F003A175D /* texturearray */ = {
			isa = PBXGroup;
			children = (
				B0B5D0CD287FEC3F003A175D /* texturearray.cpp */,
				B0B5D0CE287FEC3F003A175D /* texturearray.h */,
			);
			path = texturearray;
			sourceTree = "<group>";
		};
		B0B5D0D128801610003A175D /* texturecubemapping */ = {
			isa = PBXGroup;
			children = (
				B0B5D0D228801610003A175D /* texturecubemapping.h */,
				B0B5D0D328801610003A175D /* texturecubemapping.cpp */,
			);
			path = texturecubemapping;
			sourceTree = "<group>";
		};
		B0B5D0D62881110B003A175D /* texturecubemaparray */ = {
			isa = PBXGroup;
			children = (
				B0B5D0D72881110B003A175D /* texturecubemaparray.h */,
				B0B5D0D82881110B003A175D /* texturecubemaparray.cpp */,
			);
			path = texturecubemaparray;
			sourceTree = "<group>";
		};
		B0B5D0DF28813096003A175D /* texture3d */ = {
			isa = PBXGroup;
			children = (
				B0B5D0E028813096003A175D /* texture3d.h */,
				B0B5D0E128813096003A175D /* texture3d.cpp */,
			);
			path = texture3d;
			sourceTree = "<group>";
		};
		B0B5D0EA28816280003A175D /* inputattachments */ = {
			isa = PBXGroup;
			children = (
				B0B5D0EB28816280003A175D /* inputattachments.h */,
				B0B5D0EC28816280003A175D /* inputattachments.cpp */,
			);
			path = inputattachments;
			sourceTree = "<group>";
		};
		B0B5D0EF28864605003A175D /* subpasses */ = {
			isa = PBXGroup;
			children = (
				B0B5D0F028864605003A175D /* subpasses.h */,
				B0B5D0F128864605003A175D /* subpasses.cpp */,
			);
			path = subpasses;
			sourceTree = "<group>";
		};
		B0B5D0F428879E48003A175D /* offscreen */ = {
			isa = PBXGroup;
			children = (
				B0B5D0F528879E48003A175D /* offscreen.cpp */,
				B0B5D0F628879E48003A175D /* offscreen.h */,
			);
			path = offscreen;
			sourceTree = "<group>";
		};
		B0B5D0F92888F884003A175D /* particlefire */ = {
			isa = PBXGroup;
			children = (
				B0B5D0FA2888F884003A175D /* particlefire.cpp */,
				B0B5D0FB2888F884003A175D /* particlefire.h */,
			);
			path = particlefire;
			sourceTree = "<group>";
		};
		B0B5D103288949AA003A175D /* stencilbuffer */ = {
			isa = PBXGroup;
			children = (
				B0B5D104288949AA003A175D /* stencilbuffer.h */,
				B0B5D105288949AA003A175D /* stencilbuffer.cpp */,
			);
			path = stencilbuffer;
			sourceTree = "<group>";
		};
		B0B5D108288A7935003A175D /* separatevertexattributes */ = {
			isa = PBXGroup;
			children = (
				B0B5D109288A7935003A175D /* separatevertexattributes.cpp */,
				B0B5D10A288A7935003A175D /* separatevertexattributes.h */,
			);
			path = separatevertexattributes;
			sourceTree = "<group>";
		};
		B0B5D10D288A8CCA003A175D /* gltfloading */ = {
			isa = PBXGroup;
			children = (
				B0B5D10E288A8CCA003A175D /* gltfloading.cpp */,
				B0B5D10F288A8CCA003A175D /* gltfloading.h */,
			);
			path = gltfloading;
			sourceTree = "<group>";
		};
		B0B5D112288E85C0003A175D /* gltfskinning */ = {
			isa = PBXGroup;
			children = (
				B0B5D113288E85C0003A175D /* gltfskinning.cpp */,
				B0B5D114288E85C0003A175D /* gltfskinning.h */,
			);
			path = gltfskinning;
			sourceTree = "<group>";
		};
		B0B5D11F2890D86F003A175D /* gltfscenerendering */ = {
			isa = PBXGroup;
			children = (
				B0B5D1212890D86F003A175D /* gltfscenerendering.cpp */,
				B0B5D1202890D86F003A175D /* gltfscenerendering.h */,
			);
			path = gltfscenerendering;
			sourceTree = "<group>";
		};
		B0E13A182861729300D1D2B6 /* sample */ = {
			isa = PBXGroup;
			children = (
				B0272DD928BDAC49002D3602 /* displacement */,
				B0272DD428BDA078002D3602 /* geometryshader */,
				B0272D8328B899F9002D3602 /* computershader */,
				B0272D7828B70A45002D3602 /* ssao */,
				B0272D7328B4E294002D3602 /* deferredshadows */,
				B0272D6E28B4C609002D3602 /* deferredmutisampling */,
				B0272D6928B47C3B002D3602 /* deferred */,
				B0272D6428B3678C002D3602 /* pbrtexture */,
				B066DE5328ACBE6B00726A95 /* pbribl */,
				B066DE4828AC955700726A95 /* pbrbasic */,
				B066DE3828AB7D3200726A95 /* pipelinestatistics */,
				B066DE3328AB316F00726A95 /* occlusionquery */,
				B066DE2E28AA211500726A95 /* indirectdraw */,
				B066DE2928A9E44600726A95 /* instancing */,
				B066DE2028A5074600726A95 /* multithread */,
				B0A0109A28A20665006A339B /* orderindependenttransparency */,
				B0A0108F289E591A006A339B /* screenshot */,
				B0A0108A289D1589006A339B /* runtimemipmap */,
				B0A01085289BA9FC006A339B /* pointlightshadow */,
				B0A010802897DD0D006A339B /* shadowmappingcascade */,
				B0A0107B2893DA76006A339B /* shadowmapping */,
				B0A0107628926B34006A339B /* highdynamicrange */,
				B0A01071289228EE006A339B /* multisampling */,
				B0B5D11F2890D86F003A175D /* gltfscenerendering */,
				B0B5D112288E85C0003A175D /* gltfskinning */,
				B0B5D10D288A8CCA003A175D /* gltfloading */,
				B0B5D108288A7935003A175D /* separatevertexattributes */,
				B0B5D103288949AA003A175D /* stencilbuffer */,
				B0B5D0F92888F884003A175D /* particlefire */,
				B0B5D0F428879E48003A175D /* offscreen */,
				B0B5D0EF28864605003A175D /* subpasses */,
				B0B5D0EA28816280003A175D /* inputattachments */,
				B0B5D0DF28813096003A175D /* texture3d */,
				B0B5D0D62881110B003A175D /* texturecubemaparray */,
				B0B5D0D128801610003A175D /* texturecubemapping */,
				B0B5D0CC287FEC3F003A175D /* texturearray */,
				B0B5D0C7287FC9EC003A175D /* texturemapping */,
				B0B5D0C2287ECA78003A175D /* specializationconstants */,
				B0B5D0BD287EBB26003A175D /* pushconstants */,
				B0B5D0B7287D50A3003A175D /* dynamicuniformbuffer */,
				B0B5D0AD287BFCCC003A175D /* descriptorsets */,
				B0B5D0252875297A003A175D /* pipelines */,
				B0E13A192861729300D1D2B6 /* triangle */,
			);
			path = sample;
			sourceTree = "<group>";
		};
		B0E13A192861729300D1D2B6 /* triangle */ = {
			isa = PBXGroup;
			children = (
				B0E13A1B2861729300D1D2B6 /* triangle.cpp */,
				B0E13A1A2861729300D1D2B6 /* triangle.h */,
			);
			path = triangle;
			sourceTree = "<group>";
		};
/* End PBXGroup section */

/* Begin PBXNativeTarget section */
		B0A47F1A282E4D6200209D51 /* Vulkan */ = {
			isa = PBXNativeTarget;
			buildConfigurationList = B0A47F22282E4D6200209D51 /* Build configuration list for PBXNativeTarget "Vulkan" */;
			buildPhases = (
				B0A47F17282E4D6200209D51 /* Sources */,
				B0A47F18282E4D6200209D51 /* Frameworks */,
				B066A1442862139F00763515 /* CopyFiles */,
			);
			buildRules = (
			);
			dependencies = (
			);
			name = Vulkan;
			productName = Vulkan_00;
			productReference = B0A47F1B282E4D6200209D51 /* Vulkan */;
			productType = "com.apple.product-type.tool";
		};
/* End PBXNativeTarget section */

/* Begin PBXProject section */
		B0A47F13282E4D6200209D51 /* Project object */ = {
			isa = PBXProject;
			attributes = {
				BuildIndependentTargetsInParallel = 1;
				LastUpgradeCheck = 1330;
				TargetAttributes = {
					B0A47F1A282E4D6200209D51 = {
						CreatedOnToolsVersion = 13.3.1;
					};
				};
			};
			buildConfigurationList = B0A47F16282E4D6200209D51 /* Build configuration list for PBXProject "Vulkan" */;
			compatibilityVersion = "Xcode 9.3";
			developmentRegion = en;
			hasScannedForEncodings = 0;
			knownRegions = (
				en,
				Base,
			);
			mainGroup = B0A47F12282E4D6200209D51;
			productRefGroup = B0A47F1C282E4D6200209D51 /* Products */;
			projectDirPath = "";
			projectRoot = "";
			targets = (
				B0A47F1A282E4D6200209D51 /* Vulkan */,
			);
		};
/* End PBXProject section */

/* Begin PBXSourcesBuildPhase section */
		B0A47F17282E4D6200209D51 /* Sources */ = {
			isa = PBXSourcesBuildPhase;
			buildActionMask = 2147483647;
			files = (
				B09AEA2F2862A380006ED326 /* imgui_draw.cpp in Sources */,
				B0B5D106288949AA003A175D /* stencilbuffer.cpp in Sources */,
				B0B5D0B0287BFCCC003A175D /* descriptorsets.cpp in Sources */,
				B0B5D0D428801610003A175D /* texturecubemapping.cpp in Sources */,
				B0B5D0D92881110B003A175D /* texturecubemaparray.cpp in Sources */,
				B0A0109D28A20665006A339B /* orderindependenttransparency.cpp in Sources */,
				B09AEA2E2862A380006ED326 /* imgui_demo.cpp in Sources */,
				B066DE1E28A4FF5D00726A95 /* thread.cpp in Sources */,
				B0E13A1C2861729300D1D2B6 /* triangle.cpp in Sources */,
				B066DE3128AA211500726A95 /* indirectdraw.cpp in Sources */,
				B0B5D0802876ABAF003A175D /* memstream.c in Sources */,
				B0A47F1F282E4D6200209D51 /* main.cpp in Sources */,
				B0B5D1222890D870003A175D /* gltfscenerendering.cpp in Sources */,
				B0A010832897DD0D006A339B /* shadowmappingcascade.cpp in Sources */,
				B0272DDC28BDAC49002D3602 /* displacement.cpp in Sources */,
				B0272D7128B4C609002D3602 /* deferredmutisampling.cpp in Sources */,
				B0B5D0202875293B003A175D /* camera.cpp in Sources */,
				B066DE2728A5FDD800726A95 /* frustum.cpp in Sources */,
				B0B5D09B287920AD003A175D /* gltfNode.cpp in Sources */,
				B0272D7628B4E294002D3602 /* deferredshadows.cpp in Sources */,
				B0B5D0C0287EBB26003A175D /* pushconstants.cpp in Sources */,
				B0B5D0ED28816280003A175D /* inputattachments.cpp in Sources */,
				B0B5D0892876AC69003A175D /* swap.c in Sources */,
				B0B5D09F287944F7003A175D /* mesh.cpp in Sources */,
				B0B5D0222875293B003A175D /* application.cpp in Sources */,
				B09AEA292862A380006ED326 /* imgui_widgets.cpp in Sources */,
				B0A0107E2893DA76006A339B /* shadowmapping.cpp in Sources */,
				B0B5D0B5287C1992003A175D /* texture.cpp in Sources */,
				B066DE5628ACBE6B00726A95 /* pbribl.cpp in Sources */,
				B0A0108D289D1589006A339B /* runtimemipmap.cpp in Sources */,
				B0B5D0DD28812D06003A175D /* noise.cpp in Sources */,
				B066DE2328A5074600726A95 /* multithread.cpp in Sources */,
				B0B5D0282875297A003A175D /* pipelines.cpp in Sources */,
				B0B5D0CA287FC9EC003A175D /* texturemapping.cpp in Sources */,
				B0A01092289E591A006A339B /* screenshot.cpp in Sources */,
				B066DE5B28ACD54300726A95 /* svpng.inc in Sources */,
				B0B5D0832876ABC0003A175D /* filestream.c in Sources */,
				B0B5D0CF287FEC3F003A175D /* texturearray.cpp in Sources */,
				B0A01074289228EE006A339B /* multisampling.cpp in Sources */,
				B066DE5C28ACD54300726A95 /* svpng.c in Sources */,
				B0B5D0C5287ECA78003A175D /* specializationconstants.cpp in Sources */,
				B0B5D01F2875293B003A175D /* ui.cpp in Sources */,
				B0272D8628B899F9002D3602 /* computershader.cpp in Sources */,
				B0B5D10B288A7935003A175D /* separatevertexattributes.cpp in Sources */,
				B0B5D0BA287D50A3003A175D /* dynamicuniformbuffer.cpp in Sources */,
				B0B5D09728783317003A175D /* gltfModel.cpp in Sources */,
				B066DE3B28AB7D3300726A95 /* pipelinestatistics.cpp in Sources */,
				B09AEA2D2862A380006ED326 /* imgui_tables.cpp in Sources */,
				B0272D8128B71F82002D3602 /* ssao.cpp in Sources */,
				B0B5D0FC2888F884003A175D /* particlefire.cpp in Sources */,
				B0B5D0F728879E48003A175D /* offscreen.cpp in Sources */,
				B0A0107928926B34006A339B /* highdynamicrange.cpp in Sources */,
				B0B5D0E228813096003A175D /* texture3d.cpp in Sources */,
				B066DE3628AB316F00726A95 /* occlusionquery.cpp in Sources */,
				B0272D6728B3678C002D3602 /* pbrtexture.cpp in Sources */,
				B0B5D02C28753328003A175D /* gltfLoader.cpp in Sources */,
				B0B5D0862876AC3F003A175D /* checkheader.c in Sources */,
				B0B5D110288A8CCA003A175D /* gltfloading.cpp in Sources */,
				B0B5D0A328794562003A175D /* vertex.cpp in Sources */,
				B0B5D07D2876AB40003A175D /* texture.c in Sources */,
				B0272DD728BDA078002D3602 /* geometryshader.cpp in Sources */,
				B09AEA2C2862A380006ED326 /* imgui.cpp in Sources */,
				B0B5D119288E9CE0003A175D /* skin.cpp in Sources */,
				B0B5D08C2876AC95003A175D /* hashlist.c in Sources */,
				B0A01088289BA9FC006A339B /* pointlightshadow.cpp in Sources */,
				B0B5D11D288F8C1D003A175D /* animation.cpp in Sources */,
				B066DE4B28AC955700726A95 /* pbrbasic.cpp in Sources */,
				B0B5D0212875293B003A175D /* tools.cpp in Sources */,
				B0B5D0F228864606003A175D /* subpasses.cpp in Sources */,
				B0B5D0A728794942003A175D /* primitive.cpp in Sources */,
				B0B5D0AB2879863A003A175D /* material.cpp in Sources */,
				B0B5D115288E85C0003A175D /* gltfskinning.cpp in Sources */,
				B0272D6C28B47C3B002D3602 /* deferred.cpp in Sources */,
				B066DE2C28A9E44600726A95 /* instancing.cpp in Sources */,
			);
			runOnlyForDeploymentPostprocessing = 0;
		};
/* End PBXSourcesBuildPhase section */

/* Begin XCBuildConfiguration section */
		B0A47F20282E4D6200209D51 /* Debug */ = {
			isa = XCBuildConfiguration;
			buildSettings = {
				ALWAYS_SEARCH_USER_PATHS = NO;
				CLANG_ANALYZER_NONNULL = YES;
				CLANG_ANALYZER_NUMBER_OBJECT_CONVERSION = YES_AGGRESSIVE;
				CLANG_CXX_LANGUAGE_STANDARD = "gnu++17";
				CLANG_ENABLE_MODULES = YES;
				CLANG_ENABLE_OBJC_ARC = YES;
				CLANG_ENABLE_OBJC_WEAK = YES;
				CLANG_WARN_BLOCK_CAPTURE_AUTORELEASING = YES;
				CLANG_WARN_BOOL_CONVERSION = YES;
				CLANG_WARN_COMMA = YES;
				CLANG_WARN_CONSTANT_CONVERSION = YES;
				CLANG_WARN_DEPRECATED_OBJC_IMPLEMENTATIONS = YES;
				CLANG_WARN_DIRECT_OBJC_ISA_USAGE = YES_ERROR;
				CLANG_WARN_DOCUMENTATION_COMMENTS = YES;
				CLANG_WARN_EMPTY_BODY = YES;
				CLANG_WARN_ENUM_CONVERSION = YES;
				CLANG_WARN_INFINITE_RECURSION = YES;
				CLANG_WARN_INT_CONVERSION = YES;
				CLANG_WARN_NON_LITERAL_NULL_CONVERSION = YES;
				CLANG_WARN_OBJC_IMPLICIT_RETAIN_SELF = YES;
				CLANG_WARN_OBJC_LITERAL_CONVERSION = YES;
				CLANG_WARN_OBJC_ROOT_CLASS = YES_ERROR;
				CLANG_WARN_QUOTED_INCLUDE_IN_FRAMEWORK_HEADER = YES;
				CLANG_WARN_RANGE_LOOP_ANALYSIS = YES;
				CLANG_WARN_STRICT_PROTOTYPES = YES;
				CLANG_WARN_SUSPICIOUS_MOVE = YES;
				CLANG_WARN_UNGUARDED_AVAILABILITY = YES_AGGRESSIVE;
				CLANG_WARN_UNREACHABLE_CODE = YES;
				CLANG_WARN__DUPLICATE_METHOD_MATCH = YES;
				COPY_PHASE_STRIP = NO;
				DEBUG_INFORMATION_FORMAT = dwarf;
				ENABLE_STRICT_OBJC_MSGSEND = YES;
				ENABLE_TESTABILITY = YES;
				GCC_C_LANGUAGE_STANDARD = gnu11;
				GCC_DYNAMIC_NO_PIC = NO;
				GCC_NO_COMMON_BLOCKS = YES;
				GCC_OPTIMIZATION_LEVEL = 0;
				GCC_PREPROCESSOR_DEFINITIONS = (
					"DEBUG=1",
					"$(inherited)",
				);
				GCC_WARN_64_TO_32_BIT_CONVERSION = YES;
				GCC_WARN_ABOUT_RETURN_TYPE = YES_ERROR;
				GCC_WARN_UNDECLARED_SELECTOR = YES;
				GCC_WARN_UNINITIALIZED_AUTOS = YES_AGGRESSIVE;
				GCC_WARN_UNUSED_FUNCTION = YES;
				GCC_WARN_UNUSED_VARIABLE = YES;
				HEADER_SEARCH_PATHS = (
					"$(SRCROOT)/../3rdParty/glfw/include",
					"$(SRCROOT)/../3rdParty/VulkanSDK/include",
					"$(SRCROOT)/../3rdParty/glm",
				);
				LIBRARY_SEARCH_PATHS = "$(SRCROOT)/../3rdParty/glfw/lib";
				MACOSX_DEPLOYMENT_TARGET = 12.3;
				MTL_ENABLE_DEBUG_INFO = INCLUDE_SOURCE;
				MTL_FAST_MATH = YES;
				ONLY_ACTIVE_ARCH = YES;
				OTHER_CPLUSPLUSFLAGS = (
					"$(OTHER_CFLAGS)",
					"'-std=gnu++17'",
				);
				SDKROOT = macosx;
			};
			name = Debug;
		};
		B0A47F21282E4D6200209D51 /* Release */ = {
			isa = XCBuildConfiguration;
			buildSettings = {
				ALWAYS_SEARCH_USER_PATHS = NO;
				CLANG_ANALYZER_NONNULL = YES;
				CLANG_ANALYZER_NUMBER_OBJECT_CONVERSION = YES_AGGRESSIVE;
				CLANG_CXX_LANGUAGE_STANDARD = "gnu++17";
				CLANG_ENABLE_MODULES = YES;
				CLANG_ENABLE_OBJC_ARC = YES;
				CLANG_ENABLE_OBJC_WEAK = YES;
				CLANG_WARN_BLOCK_CAPTURE_AUTORELEASING = YES;
				CLANG_WARN_BOOL_CONVERSION = YES;
				CLANG_WARN_COMMA = YES;
				CLANG_WARN_CONSTANT_CONVERSION = YES;
				CLANG_WARN_DEPRECATED_OBJC_IMPLEMENTATIONS = YES;
				CLANG_WARN_DIRECT_OBJC_ISA_USAGE = YES_ERROR;
				CLANG_WARN_DOCUMENTATION_COMMENTS = YES;
				CLANG_WARN_EMPTY_BODY = YES;
				CLANG_WARN_ENUM_CONVERSION = YES;
				CLANG_WARN_INFINITE_RECURSION = YES;
				CLANG_WARN_INT_CONVERSION = YES;
				CLANG_WARN_NON_LITERAL_NULL_CONVERSION = YES;
				CLANG_WARN_OBJC_IMPLICIT_RETAIN_SELF = YES;
				CLANG_WARN_OBJC_LITERAL_CONVERSION = YES;
				CLANG_WARN_OBJC_ROOT_CLASS = YES_ERROR;
				CLANG_WARN_QUOTED_INCLUDE_IN_FRAMEWORK_HEADER = YES;
				CLANG_WARN_RANGE_LOOP_ANALYSIS = YES;
				CLANG_WARN_STRICT_PROTOTYPES = YES;
				CLANG_WARN_SUSPICIOUS_MOVE = YES;
				CLANG_WARN_UNGUARDED_AVAILABILITY = YES_AGGRESSIVE;
				CLANG_WARN_UNREACHABLE_CODE = YES;
				CLANG_WARN__DUPLICATE_METHOD_MATCH = YES;
				COPY_PHASE_STRIP = NO;
				DEBUG_INFORMATION_FORMAT = "dwarf-with-dsym";
				ENABLE_NS_ASSERTIONS = NO;
				ENABLE_STRICT_OBJC_MSGSEND = YES;
				GCC_C_LANGUAGE_STANDARD = gnu11;
				GCC_NO_COMMON_BLOCKS = YES;
				GCC_WARN_64_TO_32_BIT_CONVERSION = YES;
				GCC_WARN_ABOUT_RETURN_TYPE = YES_ERROR;
				GCC_WARN_UNDECLARED_SELECTOR = YES;
				GCC_WARN_UNINITIALIZED_AUTOS = YES_AGGRESSIVE;
				GCC_WARN_UNUSED_FUNCTION = YES;
				GCC_WARN_UNUSED_VARIABLE = YES;
				HEADER_SEARCH_PATHS = (
					"$(SRCROOT)/../3rdParty/glfw/include",
					"$(SRCROOT)/../3rdParty/VulkanSDK/include",
					"$(SRCROOT)/../3rdParty/glm",
				);
				LIBRARY_SEARCH_PATHS = "$(SRCROOT)/../3rdParty/glfw/lib";
				MACOSX_DEPLOYMENT_TARGET = 12.3;
				MTL_ENABLE_DEBUG_INFO = NO;
				MTL_FAST_MATH = YES;
				OTHER_CPLUSPLUSFLAGS = (
					"$(OTHER_CFLAGS)",
					"-DNDEBUG",
					"'-std=gnu++17'",
				);
				SDKROOT = macosx;
			};
			name = Release;
		};
		B0A47F23282E4D6200209D51 /* Debug */ = {
			isa = XCBuildConfiguration;
			buildSettings = {
				CLANG_CXX_LANGUAGE_STANDARD = "c++17";
				CODE_SIGN_ENTITLEMENTS = Vulkan/../../Vulkan.entitlements;
				CODE_SIGN_STYLE = Automatic;
				DEVELOPMENT_TEAM = HFN6J88ER4;
				ENABLE_HARDENED_RUNTIME = YES;
				GCC_PREPROCESSOR_DEFINITIONS = (
					"VK_ICD_FILENAMES=$(SRCROOT)/../3rdParty/VulkanSDK/bin/MoltenVK_icd.json",
					"VK_LAYER_PATH=$(SRCROOT)/../3rdParty/VulkanSDK/bin/",
				);
				HEADER_SEARCH_PATHS = (
					"$(SRCROOT)/Vulkan",
					"$(SRCROOT)/../3rdParty/glfw/include",
					"$(SRCROOT)/../3rdParty/VulkanSDK/include",
					"$(SRCROOT)/../3rdParty/glm",
					"$(SRCROOT)/../3rdParty/tinyobjloader",
					"$(SRCROOT)/../3rdParty/imgui",
					"$(SRCROOT)/../3rdParty/stb",
					"$(SRCROOT)/../3rdParty/ktx/include",
					"$(SRCROOT)/../3rdParty/ktx/other_include",
					"$(SRCROOT)/../3rdParty/tinygltf",
				);
				LD_RUNPATH_SEARCH_PATHS = "$(SRCROOT)/../3rdParty/VulkanSDK/lib";
				LIBRARY_SEARCH_PATHS = (
					"$(SRCROOT)/../3rdParty/glfw/lib",
					"$(SRCROOT)/../3rdParty/VulkanSDK/lib",
				);
				MACOSX_DEPLOYMENT_TARGET = 11.1;
				OTHER_CPLUSPLUSFLAGS = (
					"$(OTHER_CFLAGS)",
					"'-std=c++17'",
				);
				PRODUCT_NAME = "$(TARGET_NAME)";
			};
			name = Debug;
		};
		B0A47F24282E4D6200209D51 /* Release */ = {
			isa = XCBuildConfiguration;
			buildSettings = {
				CLANG_CXX_LANGUAGE_STANDARD = "c++17";
				CODE_SIGN_ENTITLEMENTS = Vulkan/../../Vulkan.entitlements;
				CODE_SIGN_STYLE = Automatic;
				DEVELOPMENT_TEAM = HFN6J88ER4;
				ENABLE_HARDENED_RUNTIME = YES;
				GCC_PREPROCESSOR_DEFINITIONS = (
					"VK_ICD_FILENAMES=$(SRCROOT)/../3rdParty/VulkanSDK/bin/MoltenVK_icd.json",
					"VK_LAYER_PATH=$(SRCROOT)/../3rdParty/VulkanSDK/bin/",
				);
				HEADER_SEARCH_PATHS = (
					"$(SRCROOT)/Vulkan",
					"$(SRCROOT)/../3rdParty/glfw/include",
					"$(SRCROOT)/../3rdParty/VulkanSDK/include",
					"$(SRCROOT)/../3rdParty/glm",
					"$(SRCROOT)/../3rdParty/tinyobjloader",
					"$(SRCROOT)/../3rdParty/imgui",
					"$(SRCROOT)/../3rdParty/stb",
					"$(SRCROOT)/../3rdParty/ktx/include",
					"$(SRCROOT)/../3rdParty/ktx/other_include",
					"$(SRCROOT)/../3rdParty/tinygltf",
				);
				LD_RUNPATH_SEARCH_PATHS = "$(SRCROOT)/../3rdParty/VulkanSDK/lib";
				LIBRARY_SEARCH_PATHS = (
					"$(SRCROOT)/../3rdParty/glfw/lib",
					"$(SRCROOT)/../3rdParty/VulkanSDK/lib",
				);
				MACOSX_DEPLOYMENT_TARGET = 11.1;
				OTHER_CPLUSPLUSFLAGS = (
					"$(OTHER_CFLAGS)",
					"-DNDEBUG",
					"'-std=c++17'",
				);
				PRODUCT_NAME = "$(TARGET_NAME)";
			};
			name = Release;
		};
/* End XCBuildConfiguration section */

/* Begin XCConfigurationList section */
		B0A47F16282E4D6200209D51 /* Build configuration list for PBXProject "Vulkan" */ = {
			isa = XCConfigurationList;
			buildConfigurations = (
				B0A47F20282E4D6200209D51 /* Debug */,
				B0A47F21282E4D6200209D51 /* Release */,
			);
			defaultConfigurationIsVisible = 0;
			defaultConfigurationName = Release;
		};
		B0A47F22282E4D6200209D51 /* Build configuration list for PBXNativeTarget "Vulkan" */ = {
			isa = XCConfigurationList;
			buildConfigurations = (
				B0A47F23282E4D6200209D51 /* Debug */,
				B0A47F24282E4D6200209D51 /* Release */,
			);
			defaultConfigurationIsVisible = 0;
			defaultConfigurationName = Release;
		};
/* End XCConfigurationList section */
	};
	rootObject = B0A47F13282E4D6200209D51 /* Project object */;
}
