// !$*UTF8*$!
{
	archiveVersion = 1;
	classes = {
	};
	objectVersion = 55;
	objects = {

/* Begin PBXBuildFile section */
		B0A47F1F282E4D6200209D51 /* main.cpp in Sources */ = {isa = PBXBuildFile; fileRef = B0A47F1E282E4D6200209D51 /* main.cpp */; };
		B0A48A96282E5E0B00209D51 /* libglfw3.a in Frameworks */ = {isa = PBXBuildFile; fileRef = B0A48A95282E5E0B00209D51 /* libglfw3.a */; };
		B0A48A98282E5EBF00209D51 /* CoreFoundation.framework in Frameworks */ = {isa = PBXBuildFile; fileRef = B0A48A97282E5EBF00209D51 /* CoreFoundation.framework */; };
		B0A48A9A282E5EE800209D51 /* CoreGraphics.framework in Frameworks */ = {isa = PBXBuildFile; fileRef = B0A48A99282E5EE800209D51 /* CoreGraphics.framework */; };
		B0A48A9C282E5F0F00209D51 /* IOKit.framework in Frameworks */ = {isa = PBXBuildFile; fileRef = B0A48A9B282E5F0F00209D51 /* IOKit.framework */; };
		B0A48AA0282E607400209D51 /* Cocoa.framework in Frameworks */ = {isa = PBXBuildFile; fileRef = B0A48A9F282E607400209D51 /* Cocoa.framework */; };
		B0A48AA2282E74FB00209D51 /* libvulkan.1.dylib in Frameworks */ = {isa = PBXBuildFile; fileRef = B0A48AA1282E74FB00209D51 /* libvulkan.1.dylib */; };
/* End PBXBuildFile section */

/* Begin PBXCopyFilesBuildPhase section */
		B0A47F19282E4D6200209D51 /* Copy Files */ = {
			isa = PBXCopyFilesBuildPhase;
			buildActionMask = 2147483647;
			dstPath = "";
			dstSubfolderSpec = 16;
			files = (
			);
			name = "Copy Files";
			runOnlyForDeploymentPostprocessing = 1;
		};
/* End PBXCopyFilesBuildPhase section */

/* Begin PBXFileReference section */
		B00083B2283A4F55005AE763 /* 13_framebuffers.cpp */ = {isa = PBXFileReference; lastKnownFileType = sourcecode.cpp.cpp; name = 13_framebuffers.cpp; path = Vulkan/HelloTriangle/13_framebuffers.cpp; sourceTree = "<group>"; };
		B00083B3283A4FB4005AE763 /* 14_command_buffers.cpp */ = {isa = PBXFileReference; lastKnownFileType = sourcecode.cpp.cpp; name = 14_command_buffers.cpp; path = Vulkan/HelloTriangle/14_command_buffers.cpp; sourceTree = "<group>"; };
		B00083B4283A7299005AE763 /* 15_rendering_presentation.cpp */ = {isa = PBXFileReference; lastKnownFileType = sourcecode.cpp.cpp; name = 15_rendering_presentation.cpp; path = Vulkan/HelloTriangle/15_rendering_presentation.cpp; sourceTree = "<group>"; };
		B00083B5283A8791005AE763 /* 16_frames_in_flight.cpp */ = {isa = PBXFileReference; lastKnownFileType = sourcecode.cpp.cpp; name = 16_frames_in_flight.cpp; path = Vulkan/HelloTriangle/16_frames_in_flight.cpp; sourceTree = "<group>"; };
		B02D357428393FB6002BA7EF /* 12_conclusion.cpp */ = {isa = PBXFileReference; lastKnownFileType = sourcecode.cpp.cpp; name = 12_conclusion.cpp; path = Vulkan/HelloTriangle/12_conclusion.cpp; sourceTree = "<group>"; };
		B0575A56283721E900CC9CB9 /* 05_window_surface.cpp */ = {isa = PBXFileReference; lastKnownFileType = sourcecode.cpp.cpp; name = 05_window_surface.cpp; path = Vulkan/HelloTriangle/05_window_surface.cpp; sourceTree = "<group>"; };
		B0575A572837304500CC9CB9 /* 06_swap_chain.cpp */ = {isa = PBXFileReference; lastKnownFileType = sourcecode.cpp.cpp; name = 06_swap_chain.cpp; path = Vulkan/HelloTriangle/06_swap_chain.cpp; sourceTree = "<group>"; };
		B0575A5828375C8D00CC9CB9 /* 07_image_views.cpp */ = {isa = PBXFileReference; lastKnownFileType = sourcecode.cpp.cpp; name = 07_image_views.cpp; path = Vulkan/HelloTriangle/07_image_views.cpp; sourceTree = "<group>"; };
		B0575A5928375FFA00CC9CB9 /* 08_graphics_pipeline.cpp */ = {isa = PBXFileReference; lastKnownFileType = sourcecode.cpp.cpp; name = 08_graphics_pipeline.cpp; path = Vulkan/HelloTriangle/08_graphics_pipeline.cpp; sourceTree = "<group>"; };
		B0575A6828379A6100CC9CB9 /* 09_shader_modules.cpp */ = {isa = PBXFileReference; lastKnownFileType = sourcecode.cpp.cpp; name = 09_shader_modules.cpp; path = Vulkan/HelloTriangle/09_shader_modules.cpp; sourceTree = "<group>"; };
		B0575A692837AC2600CC9CB9 /* 10_fixed_functions.cpp */ = {isa = PBXFileReference; lastKnownFileType = sourcecode.cpp.cpp; name = 10_fixed_functions.cpp; path = Vulkan/HelloTriangle/10_fixed_functions.cpp; sourceTree = "<group>"; };
		B0575A6A2837D60B00CC9CB9 /* 11_render_passes.cpp */ = {isa = PBXFileReference; lastKnownFileType = sourcecode.cpp.cpp; name = 11_render_passes.cpp; path = Vulkan/HelloTriangle/11_render_passes.cpp; sourceTree = "<group>"; };
		B066EE9C282F9E3600618BB0 /* 01_base_code.cpp */ = {isa = PBXFileReference; lastKnownFileType = sourcecode.cpp.cpp; name = 01_base_code.cpp; path = Vulkan/HelloTriangle/01_base_code.cpp; sourceTree = "<group>"; };
		B066EE9D282F9F3100618BB0 /* 02_instance.cpp */ = {isa = PBXFileReference; fileEncoding = 4; lastKnownFileType = sourcecode.cpp.cpp; name = 02_instance.cpp; path = Vulkan/HelloTriangle/02_instance.cpp; sourceTree = "<group>"; };
		B066EEA0282FA4B000618BB0 /* 03_validation_layers.cpp */ = {isa = PBXFileReference; lastKnownFileType = sourcecode.cpp.cpp; name = 03_validation_layers.cpp; path = Vulkan/HelloTriangle/03_validation_layers.cpp; sourceTree = "<group>"; };
		B076C45028436950006B642F /* 17_swap_chain_recreation.cpp */ = {isa = PBXFileReference; lastKnownFileType = sourcecode.cpp.cpp; name = 17_swap_chain_recreation.cpp; path = Vulkan/HelloTriangle/17_swap_chain_recreation.cpp; sourceTree = "<group>"; };
		B089A77B284DC90400D475B1 /* 21_index_buffer.cpp */ = {isa = PBXFileReference; lastKnownFileType = sourcecode.cpp.cpp; name = 21_index_buffer.cpp; path = Vulkan/HelloTriangle/21_index_buffer.cpp; sourceTree = "<group>"; };
		B089A77C284DCE6300D475B1 /* 22_descriptor_layout.cpp */ = {isa = PBXFileReference; lastKnownFileType = sourcecode.cpp.cpp; name = 22_descriptor_layout.cpp; path = Vulkan/HelloTriangle/22_descriptor_layout.cpp; sourceTree = "<group>"; };
		B089A77D284E4F8100D475B1 /* 23_image_texture.cpp */ = {isa = PBXFileReference; lastKnownFileType = sourcecode.cpp.cpp; name = 23_image_texture.cpp; path = Vulkan/HelloTriangle/23_image_texture.cpp; sourceTree = "<group>"; };
		B0A47F1B282E4D6200209D51 /* Vulkan */ = {isa = PBXFileReference; explicitFileType = "compiled.mach-o.executable"; includeInIndex = 0; path = Vulkan; sourceTree = BUILT_PRODUCTS_DIR; };
		B0A47F1E282E4D6200209D51 /* main.cpp */ = {isa = PBXFileReference; lastKnownFileType = sourcecode.cpp.cpp; path = main.cpp; sourceTree = "<group>"; };
		B0A48A95282E5E0B00209D51 /* libglfw3.a */ = {isa = PBXFileReference; lastKnownFileType = archive.ar; name = libglfw3.a; path = ../3rdParty/glfw/lib/libglfw3.a; sourceTree = "<group>"; };
		B0A48A97282E5EBF00209D51 /* CoreFoundation.framework */ = {isa = PBXFileReference; lastKnownFileType = wrapper.framework; name = CoreFoundation.framework; path = System/Library/Frameworks/CoreFoundation.framework; sourceTree = SDKROOT; };
		B0A48A99282E5EE800209D51 /* CoreGraphics.framework */ = {isa = PBXFileReference; lastKnownFileType = wrapper.framework; name = CoreGraphics.framework; path = System/Library/Frameworks/CoreGraphics.framework; sourceTree = SDKROOT; };
		B0A48A9B282E5F0F00209D51 /* IOKit.framework */ = {isa = PBXFileReference; lastKnownFileType = wrapper.framework; name = IOKit.framework; path = System/Library/Frameworks/IOKit.framework; sourceTree = SDKROOT; };
		B0A48A9D282E604E00209D51 /* SwiftUI.framework */ = {isa = PBXFileReference; lastKnownFileType = wrapper.framework; name = SwiftUI.framework; path = System/Library/Frameworks/SwiftUI.framework; sourceTree = SDKROOT; };
		B0A48A9F282E607400209D51 /* Cocoa.framework */ = {isa = PBXFileReference; lastKnownFileType = wrapper.framework; name = Cocoa.framework; path = System/Library/Frameworks/Cocoa.framework; sourceTree = SDKROOT; };
		B0A48AA1282E74FB00209D51 /* libvulkan.1.dylib */ = {isa = PBXFileReference; lastKnownFileType = "compiled.mach-o.dylib"; name = libvulkan.1.dylib; path = ../3rdParty/VulkanSDK/lib/libvulkan.1.dylib; sourceTree = "<group>"; };
		B0B206B6284EF03700ED2E36 /* 24_texture_sampler.cpp */ = {isa = PBXFileReference; lastKnownFileType = sourcecode.cpp.cpp; name = 24_texture_sampler.cpp; path = Vulkan/HelloTriangle/24_texture_sampler.cpp; sourceTree = "<group>"; };
		B0B206B7284EF75800ED2E36 /* 25_texture_mapping.cpp */ = {isa = PBXFileReference; lastKnownFileType = sourcecode.cpp.cpp; name = 25_texture_mapping.cpp; path = Vulkan/HelloTriangle/25_texture_mapping.cpp; sourceTree = "<group>"; };
		B0B206B8284F0E6900ED2E36 /* 26_depth_buffering.cpp */ = {isa = PBXFileReference; lastKnownFileType = sourcecode.cpp.cpp; name = 26_depth_buffering.cpp; path = Vulkan/HelloTriangle/26_depth_buffering.cpp; sourceTree = "<group>"; };
		B0B206B9284F1D3C00ED2E36 /* 27_model_loading.cpp */ = {isa = PBXFileReference; lastKnownFileType = sourcecode.cpp.cpp; name = 27_model_loading.cpp; path = Vulkan/HelloTriangle/27_model_loading.cpp; sourceTree = "<group>"; };
		B0CD0E6D284484F1003EE23C /* 18_vertex_input.cpp */ = {isa = PBXFileReference; lastKnownFileType = sourcecode.cpp.cpp; name = 18_vertex_input.cpp; path = Vulkan/HelloTriangle/18_vertex_input.cpp; sourceTree = "<group>"; };
		B0CD0E6E284496A3003EE23C /* 19_vertex_buffer.cpp */ = {isa = PBXFileReference; lastKnownFileType = sourcecode.cpp.cpp; name = 19_vertex_buffer.cpp; path = Vulkan/HelloTriangle/19_vertex_buffer.cpp; sourceTree = "<group>"; };
		B0D7DE57284F4DCD0077905F /* 28_mipmapping.cpp */ = {isa = PBXFileReference; lastKnownFileType = sourcecode.cpp.cpp; name = 28_mipmapping.cpp; path = Vulkan/HelloTriangle/28_mipmapping.cpp; sourceTree = "<group>"; };
		B0D7DE58284F54860077905F /* 29_multisampling.cpp */ = {isa = PBXFileReference; lastKnownFileType = sourcecode.cpp.cpp; name = 29_multisampling.cpp; path = Vulkan/HelloTriangle/29_multisampling.cpp; sourceTree = "<group>"; };
		B0E08BD22835F31900915DF3 /* 03_validation_layers_message_callback.cpp */ = {isa = PBXFileReference; lastKnownFileType = sourcecode.cpp.cpp; name = 03_validation_layers_message_callback.cpp; path = Vulkan/HelloTriangle/03_validation_layers_message_callback.cpp; sourceTree = "<group>"; };
		B0E08BD32835FDCE00915DF3 /* 04_physical_devices.cpp */ = {isa = PBXFileReference; lastKnownFileType = sourcecode.cpp.cpp; name = 04_physical_devices.cpp; path = Vulkan/HelloTriangle/04_physical_devices.cpp; sourceTree = "<group>"; };
		B0E08BD428367EA000915DF3 /* 04_physical_devices_logic_devices_queue.cpp */ = {isa = PBXFileReference; lastKnownFileType = sourcecode.cpp.cpp; name = 04_physical_devices_logic_devices_queue.cpp; path = Vulkan/HelloTriangle/04_physical_devices_logic_devices_queue.cpp; sourceTree = "<group>"; };
		B0E338D8284097B300E0F619 /* 16_hello_triangle.cpp */ = {isa = PBXFileReference; lastKnownFileType = sourcecode.cpp.cpp; name = 16_hello_triangle.cpp; path = Vulkan/HelloTriangle/16_hello_triangle.cpp; sourceTree = "<group>"; };
		B0E824522847061A00BB7C00 /* 20_staging_buffer.cpp */ = {isa = PBXFileReference; lastKnownFileType = sourcecode.cpp.cpp; name = 20_staging_buffer.cpp; path = Vulkan/HelloTriangle/20_staging_buffer.cpp; sourceTree = "<group>"; };
/* End PBXFileReference section */

/* Begin PBXFrameworksBuildPhase section */
		B0A47F18282E4D6200209D51 /* Frameworks */ = {
			isa = PBXFrameworksBuildPhase;
			buildActionMask = 2147483647;
			files = (
				B0A48AA2282E74FB00209D51 /* libvulkan.1.dylib in Frameworks */,
				B0A48AA0282E607400209D51 /* Cocoa.framework in Frameworks */,
				B0A48A9C282E5F0F00209D51 /* IOKit.framework in Frameworks */,
				B0A48A9A282E5EE800209D51 /* CoreGraphics.framework in Frameworks */,
				B0A48A98282E5EBF00209D51 /* CoreFoundation.framework in Frameworks */,
				B0A48A96282E5E0B00209D51 /* libglfw3.a in Frameworks */,
			);
			runOnlyForDeploymentPostprocessing = 0;
		};
/* End PBXFrameworksBuildPhase section */

/* Begin PBXGroup section */
		B0A47F12282E4D6200209D51 = {
			isa = PBXGroup;
			children = (
				B066EE9C282F9E3600618BB0 /* 01_base_code.cpp */,
				B066EE9D282F9F3100618BB0 /* 02_instance.cpp */,
				B066EEA0282FA4B000618BB0 /* 03_validation_layers.cpp */,
				B0E08BD22835F31900915DF3 /* 03_validation_layers_message_callback.cpp */,
				B0E08BD32835FDCE00915DF3 /* 04_physical_devices.cpp */,
				B0E08BD428367EA000915DF3 /* 04_physical_devices_logic_devices_queue.cpp */,
				B0575A56283721E900CC9CB9 /* 05_window_surface.cpp */,
				B0575A572837304500CC9CB9 /* 06_swap_chain.cpp */,
				B0575A5828375C8D00CC9CB9 /* 07_image_views.cpp */,
				B0575A5928375FFA00CC9CB9 /* 08_graphics_pipeline.cpp */,
				B0575A6828379A6100CC9CB9 /* 09_shader_modules.cpp */,
				B0575A692837AC2600CC9CB9 /* 10_fixed_functions.cpp */,
				B0575A6A2837D60B00CC9CB9 /* 11_render_passes.cpp */,
				B02D357428393FB6002BA7EF /* 12_conclusion.cpp */,
				B00083B2283A4F55005AE763 /* 13_framebuffers.cpp */,
				B00083B3283A4FB4005AE763 /* 14_command_buffers.cpp */,
				B00083B4283A7299005AE763 /* 15_rendering_presentation.cpp */,
				B00083B5283A8791005AE763 /* 16_frames_in_flight.cpp */,
				B0E338D8284097B300E0F619 /* 16_hello_triangle.cpp */,
				B076C45028436950006B642F /* 17_swap_chain_recreation.cpp */,
				B0CD0E6D284484F1003EE23C /* 18_vertex_input.cpp */,
				B0CD0E6E284496A3003EE23C /* 19_vertex_buffer.cpp */,
				B0E824522847061A00BB7C00 /* 20_staging_buffer.cpp */,
				B089A77B284DC90400D475B1 /* 21_index_buffer.cpp */,
				B089A77C284DCE6300D475B1 /* 22_descriptor_layout.cpp */,
				B089A77D284E4F8100D475B1 /* 23_image_texture.cpp */,
				B0B206B6284EF03700ED2E36 /* 24_texture_sampler.cpp */,
				B0B206B7284EF75800ED2E36 /* 25_texture_mapping.cpp */,
				B0B206B8284F0E6900ED2E36 /* 26_depth_buffering.cpp */,
				B0B206B9284F1D3C00ED2E36 /* 27_model_loading.cpp */,
				B0D7DE57284F4DCD0077905F /* 28_mipmapping.cpp */,
				B0D7DE58284F54860077905F /* 29_multisampling.cpp */,
				B0A47F1D282E4D6200209D51 /* Vulkan */,
				B0A47F1C282E4D6200209D51 /* Products */,
				B0A48A94282E5E0B00209D51 /* Frameworks */,
			);
			sourceTree = "<group>";
		};
		B0A47F1C282E4D6200209D51 /* Products */ = {
			isa = PBXGroup;
			children = (
				B0A47F1B282E4D6200209D51 /* Vulkan */,
			);
			name = Products;
			sourceTree = "<group>";
		};
		B0A47F1D282E4D6200209D51 /* Vulkan */ = {
			isa = PBXGroup;
			children = (
				B0A47F1E282E4D6200209D51 /* main.cpp */,
			);
			path = Vulkan;
			sourceTree = "<group>";
		};
		B0A48A94282E5E0B00209D51 /* Frameworks */ = {
			isa = PBXGroup;
			children = (
				B0A48AA1282E74FB00209D51 /* libvulkan.1.dylib */,
				B0A48A9F282E607400209D51 /* Cocoa.framework */,
				B0A48A9D282E604E00209D51 /* SwiftUI.framework */,
				B0A48A9B282E5F0F00209D51 /* IOKit.framework */,
				B0A48A99282E5EE800209D51 /* CoreGraphics.framework */,
				B0A48A97282E5EBF00209D51 /* CoreFoundation.framework */,
				B0A48A95282E5E0B00209D51 /* libglfw3.a */,
			);
			name = Frameworks;
			sourceTree = "<group>";
		};
/* End PBXGroup section */

/* Begin PBXNativeTarget section */
		B0A47F1A282E4D6200209D51 /* Vulkan */ = {
			isa = PBXNativeTarget;
			buildConfigurationList = B0A47F22282E4D6200209D51 /* Build configuration list for PBXNativeTarget "Vulkan" */;
			buildPhases = (
				B0A47F17282E4D6200209D51 /* Sources */,
				B0A47F18282E4D6200209D51 /* Frameworks */,
				B0A47F19282E4D6200209D51 /* Copy Files */,
			);
			buildRules = (
			);
			dependencies = (
			);
			name = Vulkan;
			productName = Vulkan_00;
			productReference = B0A47F1B282E4D6200209D51 /* Vulkan */;
			productType = "com.apple.product-type.tool";
		};
/* End PBXNativeTarget section */

/* Begin PBXProject section */
		B0A47F13282E4D6200209D51 /* Project object */ = {
			isa = PBXProject;
			attributes = {
				BuildIndependentTargetsInParallel = 1;
				LastUpgradeCheck = 1330;
				TargetAttributes = {
					B0A47F1A282E4D6200209D51 = {
						CreatedOnToolsVersion = 13.3.1;
					};
				};
			};
			buildConfigurationList = B0A47F16282E4D6200209D51 /* Build configuration list for PBXProject "Vulkan" */;
			compatibilityVersion = "Xcode 13.0";
			developmentRegion = en;
			hasScannedForEncodings = 0;
			knownRegions = (
				en,
				Base,
			);
			mainGroup = B0A47F12282E4D6200209D51;
			productRefGroup = B0A47F1C282E4D6200209D51 /* Products */;
			projectDirPath = "";
			projectRoot = "";
			targets = (
				B0A47F1A282E4D6200209D51 /* Vulkan */,
			);
		};
/* End PBXProject section */

/* Begin PBXSourcesBuildPhase section */
		B0A47F17282E4D6200209D51 /* Sources */ = {
			isa = PBXSourcesBuildPhase;
			buildActionMask = 2147483647;
			files = (
				B0A47F1F282E4D6200209D51 /* main.cpp in Sources */,
			);
			runOnlyForDeploymentPostprocessing = 0;
		};
/* End PBXSourcesBuildPhase section */

/* Begin XCBuildConfiguration section */
		B0A47F20282E4D6200209D51 /* Debug */ = {
			isa = XCBuildConfiguration;
			buildSettings = {
				ALWAYS_SEARCH_USER_PATHS = NO;
				CLANG_ANALYZER_NONNULL = YES;
				CLANG_ANALYZER_NUMBER_OBJECT_CONVERSION = YES_AGGRESSIVE;
				CLANG_CXX_LANGUAGE_STANDARD = "gnu++17";
				CLANG_ENABLE_MODULES = YES;
				CLANG_ENABLE_OBJC_ARC = YES;
				CLANG_ENABLE_OBJC_WEAK = YES;
				CLANG_WARN_BLOCK_CAPTURE_AUTORELEASING = YES;
				CLANG_WARN_BOOL_CONVERSION = YES;
				CLANG_WARN_COMMA = YES;
				CLANG_WARN_CONSTANT_CONVERSION = YES;
				CLANG_WARN_DEPRECATED_OBJC_IMPLEMENTATIONS = YES;
				CLANG_WARN_DIRECT_OBJC_ISA_USAGE = YES_ERROR;
				CLANG_WARN_DOCUMENTATION_COMMENTS = YES;
				CLANG_WARN_EMPTY_BODY = YES;
				CLANG_WARN_ENUM_CONVERSION = YES;
				CLANG_WARN_INFINITE_RECURSION = YES;
				CLANG_WARN_INT_CONVERSION = YES;
				CLANG_WARN_NON_LITERAL_NULL_CONVERSION = YES;
				CLANG_WARN_OBJC_IMPLICIT_RETAIN_SELF = YES;
				CLANG_WARN_OBJC_LITERAL_CONVERSION = YES;
				CLANG_WARN_OBJC_ROOT_CLASS = YES_ERROR;
				CLANG_WARN_QUOTED_INCLUDE_IN_FRAMEWORK_HEADER = YES;
				CLANG_WARN_RANGE_LOOP_ANALYSIS = YES;
				CLANG_WARN_STRICT_PROTOTYPES = YES;
				CLANG_WARN_SUSPICIOUS_MOVE = YES;
				CLANG_WARN_UNGUARDED_AVAILABILITY = YES_AGGRESSIVE;
				CLANG_WARN_UNREACHABLE_CODE = YES;
				CLANG_WARN__DUPLICATE_METHOD_MATCH = YES;
				COPY_PHASE_STRIP = NO;
				DEBUG_INFORMATION_FORMAT = dwarf;
				ENABLE_STRICT_OBJC_MSGSEND = YES;
				ENABLE_TESTABILITY = YES;
				GCC_C_LANGUAGE_STANDARD = gnu11;
				GCC_DYNAMIC_NO_PIC = NO;
				GCC_NO_COMMON_BLOCKS = YES;
				GCC_OPTIMIZATION_LEVEL = 0;
				GCC_PREPROCESSOR_DEFINITIONS = (
					"DEBUG=1",
					"$(inherited)",
				);
				GCC_WARN_64_TO_32_BIT_CONVERSION = YES;
				GCC_WARN_ABOUT_RETURN_TYPE = YES_ERROR;
				GCC_WARN_UNDECLARED_SELECTOR = YES;
				GCC_WARN_UNINITIALIZED_AUTOS = YES_AGGRESSIVE;
				GCC_WARN_UNUSED_FUNCTION = YES;
				GCC_WARN_UNUSED_VARIABLE = YES;
				HEADER_SEARCH_PATHS = (
					"$(SRCROOT)/../3rdParty/glfw/include",
					"$(SRCROOT)/../3rdParty/VulkanSDK/include",
					"$(SRCROOT)/../3rdParty/glm",
				);
				LIBRARY_SEARCH_PATHS = "$(SRCROOT)/../3rdParty/glfw/lib";
				MACOSX_DEPLOYMENT_TARGET = 12.3;
				MTL_ENABLE_DEBUG_INFO = INCLUDE_SOURCE;
				MTL_FAST_MATH = YES;
				ONLY_ACTIVE_ARCH = YES;
				OTHER_CPLUSPLUSFLAGS = (
					"$(OTHER_CFLAGS)",
					"'-std=gnu++17'",
				);
				SDKROOT = macosx;
			};
			name = Debug;
		};
		B0A47F21282E4D6200209D51 /* Release */ = {
			isa = XCBuildConfiguration;
			buildSettings = {
				ALWAYS_SEARCH_USER_PATHS = NO;
				CLANG_ANALYZER_NONNULL = YES;
				CLANG_ANALYZER_NUMBER_OBJECT_CONVERSION = YES_AGGRESSIVE;
				CLANG_CXX_LANGUAGE_STANDARD = "gnu++17";
				CLANG_ENABLE_MODULES = YES;
				CLANG_ENABLE_OBJC_ARC = YES;
				CLANG_ENABLE_OBJC_WEAK = YES;
				CLANG_WARN_BLOCK_CAPTURE_AUTORELEASING = YES;
				CLANG_WARN_BOOL_CONVERSION = YES;
				CLANG_WARN_COMMA = YES;
				CLANG_WARN_CONSTANT_CONVERSION = YES;
				CLANG_WARN_DEPRECATED_OBJC_IMPLEMENTATIONS = YES;
				CLANG_WARN_DIRECT_OBJC_ISA_USAGE = YES_ERROR;
				CLANG_WARN_DOCUMENTATION_COMMENTS = YES;
				CLANG_WARN_EMPTY_BODY = YES;
				CLANG_WARN_ENUM_CONVERSION = YES;
				CLANG_WARN_INFINITE_RECURSION = YES;
				CLANG_WARN_INT_CONVERSION = YES;
				CLANG_WARN_NON_LITERAL_NULL_CONVERSION = YES;
				CLANG_WARN_OBJC_IMPLICIT_RETAIN_SELF = YES;
				CLANG_WARN_OBJC_LITERAL_CONVERSION = YES;
				CLANG_WARN_OBJC_ROOT_CLASS = YES_ERROR;
				CLANG_WARN_QUOTED_INCLUDE_IN_FRAMEWORK_HEADER = YES;
				CLANG_WARN_RANGE_LOOP_ANALYSIS = YES;
				CLANG_WARN_STRICT_PROTOTYPES = YES;
				CLANG_WARN_SUSPICIOUS_MOVE = YES;
				CLANG_WARN_UNGUARDED_AVAILABILITY = YES_AGGRESSIVE;
				CLANG_WARN_UNREACHABLE_CODE = YES;
				CLANG_WARN__DUPLICATE_METHOD_MATCH = YES;
				COPY_PHASE_STRIP = NO;
				DEBUG_INFORMATION_FORMAT = "dwarf-with-dsym";
				ENABLE_NS_ASSERTIONS = NO;
				ENABLE_STRICT_OBJC_MSGSEND = YES;
				GCC_C_LANGUAGE_STANDARD = gnu11;
				GCC_NO_COMMON_BLOCKS = YES;
				GCC_WARN_64_TO_32_BIT_CONVERSION = YES;
				GCC_WARN_ABOUT_RETURN_TYPE = YES_ERROR;
				GCC_WARN_UNDECLARED_SELECTOR = YES;
				GCC_WARN_UNINITIALIZED_AUTOS = YES_AGGRESSIVE;
				GCC_WARN_UNUSED_FUNCTION = YES;
				GCC_WARN_UNUSED_VARIABLE = YES;
				HEADER_SEARCH_PATHS = (
					"$(SRCROOT)/../3rdParty/glfw/include",
					"$(SRCROOT)/../3rdParty/VulkanSDK/include",
					"$(SRCROOT)/../3rdParty/glm",
				);
				LIBRARY_SEARCH_PATHS = "$(SRCROOT)/../3rdParty/glfw/lib";
				MACOSX_DEPLOYMENT_TARGET = 12.3;
				MTL_ENABLE_DEBUG_INFO = NO;
				MTL_FAST_MATH = YES;
				OTHER_CPLUSPLUSFLAGS = (
					"$(OTHER_CFLAGS)",
					"-DNDEBUG",
					"'-std=gnu++17'",
				);
				SDKROOT = macosx;
			};
			name = Release;
		};
		B0A47F23282E4D6200209D51 /* Debug */ = {
			isa = XCBuildConfiguration;
			buildSettings = {
				CLANG_CXX_LANGUAGE_STANDARD = "c++0x";
				CODE_SIGN_ENTITLEMENTS = Vulkan/../../Vulkan.entitlements;
				CODE_SIGN_STYLE = Automatic;
				DEVELOPMENT_TEAM = HFN6J88ER4;
				ENABLE_HARDENED_RUNTIME = YES;
				GCC_PREPROCESSOR_DEFINITIONS = (
					"VK_ICD_FILENAMES=$(SRCROOT)/../3rdParty/VulkanSDK/bin/MoltenVK_icd.json",
					"VK_LAYER_PATH=$(SRCROOT)/../3rdParty/VulkanSDK/bin",
				);
				HEADER_SEARCH_PATHS = (
					"$(SRCROOT)/../3rdParty/glfw/include",
					"$(SRCROOT)/../3rdParty/VulkanSDK/include",
					"$(SRCROOT)/../3rdParty/glm",
					"$(SRCROOT)/../3rdParty/Model",
					"$(SRCROOT)/../3rdParty/Image",
				);
				LD_RUNPATH_SEARCH_PATHS = /Users/luxiaodong/Documents/Project/GraphicsInterface/Vulkan/3rdParty/VulkanSDK/lib;
				LIBRARY_SEARCH_PATHS = (
					"$(SRCROOT)/../3rdParty/glfw/lib",
					"$(SRCROOT)/../3rdParty/VulkanSDK/lib",
				);
				PRODUCT_NAME = "$(TARGET_NAME)";
			};
			name = Debug;
		};
		B0A47F24282E4D6200209D51 /* Release */ = {
			isa = XCBuildConfiguration;
			buildSettings = {
				CLANG_CXX_LANGUAGE_STANDARD = "c++0x";
				CODE_SIGN_ENTITLEMENTS = Vulkan/../../Vulkan.entitlements;
				CODE_SIGN_STYLE = Automatic;
				DEVELOPMENT_TEAM = HFN6J88ER4;
				ENABLE_HARDENED_RUNTIME = YES;
				GCC_PREPROCESSOR_DEFINITIONS = (
					"VK_ICD_FILENAMES=$(SRCROOT)/../3rdParty/VulkanSDK/bin/MoltenVK_icd.json",
					"VK_LAYER_PATH=$(SRCROOT)/../3rdParty/VulkanSDK/bin",
				);
				HEADER_SEARCH_PATHS = (
					"$(SRCROOT)/../3rdParty/glfw/include",
					"$(SRCROOT)/../3rdParty/VulkanSDK/include",
					"$(SRCROOT)/../3rdParty/glm",
					"$(SRCROOT)/../3rdParty/Model",
					"$(SRCROOT)/../3rdParty/Image",
				);
				LD_RUNPATH_SEARCH_PATHS = /Users/luxiaodong/Documents/Project/GraphicsInterface/Vulkan/3rdParty/VulkanSDK/lib;
				LIBRARY_SEARCH_PATHS = (
					"$(SRCROOT)/../3rdParty/glfw/lib",
					"$(SRCROOT)/../3rdParty/VulkanSDK/lib",
				);
				PRODUCT_NAME = "$(TARGET_NAME)";
			};
			name = Release;
		};
/* End XCBuildConfiguration section */

/* Begin XCConfigurationList section */
		B0A47F16282E4D6200209D51 /* Build configuration list for PBXProject "Vulkan" */ = {
			isa = XCConfigurationList;
			buildConfigurations = (
				B0A47F20282E4D6200209D51 /* Debug */,
				B0A47F21282E4D6200209D51 /* Release */,
			);
			defaultConfigurationIsVisible = 0;
			defaultConfigurationName = Release;
		};
		B0A47F22282E4D6200209D51 /* Build configuration list for PBXNativeTarget "Vulkan" */ = {
			isa = XCConfigurationList;
			buildConfigurations = (
				B0A47F23282E4D6200209D51 /* Debug */,
				B0A47F24282E4D6200209D51 /* Release */,
			);
			defaultConfigurationIsVisible = 0;
			defaultConfigurationName = Release;
		};
/* End XCConfigurationList section */
	};
	rootObject = B0A47F13282E4D6200209D51 /* Project object */;
}
